// !$*UTF8*$!
{
	archiveVersion = 1;
	classes = {
	};
	objectVersion = 46;
	objects = {

/* Begin PBXBuildFile section */
		220CDEFA1EE72F47006ECEBA /* CredentialsFactory.swift in Sources */ = {isa = PBXBuildFile; fileRef = 220CDEF81EE72F47006ECEBA /* CredentialsFactory.swift */; };
		220CDEFB1EE72F47006ECEBA /* CredentialsFactoryDB.swift in Sources */ = {isa = PBXBuildFile; fileRef = 220CDEF91EE72F47006ECEBA /* CredentialsFactoryDB.swift */; };
		220CDF001EE72F53006ECEBA /* PublicKeyCredentialsFactory.swift in Sources */ = {isa = PBXBuildFile; fileRef = 220CDEFE1EE72F53006ECEBA /* PublicKeyCredentialsFactory.swift */; };
		220CDF011EE72F53006ECEBA /* SharedSecretCredentialsFactory.swift in Sources */ = {isa = PBXBuildFile; fileRef = 220CDEFF1EE72F53006ECEBA /* SharedSecretCredentialsFactory.swift */; };
		220CDF021EE7348E006ECEBA /* CredentialsFactoryDB.swift in Sources */ = {isa = PBXBuildFile; fileRef = 220CDEF91EE72F47006ECEBA /* CredentialsFactoryDB.swift */; };
		220CDF031EE73493006ECEBA /* CredentialsFactory.swift in Sources */ = {isa = PBXBuildFile; fileRef = 220CDEF81EE72F47006ECEBA /* CredentialsFactory.swift */; };
		220CDF041EE73499006ECEBA /* PublicKeyCredentialsFactory.swift in Sources */ = {isa = PBXBuildFile; fileRef = 220CDEFE1EE72F53006ECEBA /* PublicKeyCredentialsFactory.swift */; };
		220CDF051EE7349E006ECEBA /* SharedSecretCredentialsFactory.swift in Sources */ = {isa = PBXBuildFile; fileRef = 220CDEFF1EE72F53006ECEBA /* SharedSecretCredentialsFactory.swift */; };
		220CDF1F1EE82076006ECEBA /* SecCertificate.swift in Sources */ = {isa = PBXBuildFile; fileRef = 220CDF1E1EE82076006ECEBA /* SecCertificate.swift */; };
		220CDF201EE82A21006ECEBA /* SecCertificate.swift in Sources */ = {isa = PBXBuildFile; fileRef = 220CDF1E1EE82076006ECEBA /* SecCertificate.swift */; };
		220CDF211EE82A5B006ECEBA /* SecIdentity.swift in Sources */ = {isa = PBXBuildFile; fileRef = 22FF4E1E1EE0316F00C3FB78 /* SecIdentity.swift */; };
		220CDF271EE847A3006ECEBA /* SecIdentity_macOS.swift in Sources */ = {isa = PBXBuildFile; fileRef = 220CDF251EE8479A006ECEBA /* SecIdentity_macOS.swift */; };
		220CDF291EE847BB006ECEBA /* SecIdentity_iOS.swift in Sources */ = {isa = PBXBuildFile; fileRef = 220CDF281EE847BB006ECEBA /* SecIdentity_iOS.swift */; };
		221156451E2E73C800B5D239 /* MedKitSecurity.framework in Frameworks */ = {isa = PBXBuildFile; fileRef = 2211563C1E2E73C800B5D239 /* MedKitSecurity.framework */; };
		2211564A1E2E73C800B5D239 /* MedKitSecurity_iOSTests.swift in Sources */ = {isa = PBXBuildFile; fileRef = 221156491E2E73C800B5D239 /* MedKitSecurity_iOSTests.swift */; };
		2211564C1E2E73C800B5D239 /* MedKitSecurity.h in Headers */ = {isa = PBXBuildFile; fileRef = 2211563E1E2E73C800B5D239 /* MedKitSecurity.h */; settings = {ATTRIBUTES = (Public, ); }; };
		221156611E2E73E300B5D239 /* MedKitSecurity.framework in Frameworks */ = {isa = PBXBuildFile; fileRef = 221156581E2E73E200B5D239 /* MedKitSecurity.framework */; };
		221156661E2E73E300B5D239 /* MedKitSecurity_macOSTests.swift in Sources */ = {isa = PBXBuildFile; fileRef = 221156651E2E73E300B5D239 /* MedKitSecurity_macOSTests.swift */; };
		221156681E2E73E300B5D239 /* MedKitSecurity.h in Headers */ = {isa = PBXBuildFile; fileRef = 2211565A1E2E73E300B5D239 /* MedKitSecurity.h */; settings = {ATTRIBUTES = (Public, ); }; };
		221156751E2E746200B5D239 /* SHA1.swift in Sources */ = {isa = PBXBuildFile; fileRef = 221156721E2E746200B5D239 /* SHA1.swift */; };
		221156841E2E758E00B5D239 /* CommonCrypto.framework in Frameworks */ = {isa = PBXBuildFile; fileRef = 2211567B1E2E758E00B5D239 /* CommonCrypto.framework */; };
		221156891E2E758E00B5D239 /* CommonCryptoTests.swift in Sources */ = {isa = PBXBuildFile; fileRef = 221156881E2E758E00B5D239 /* CommonCryptoTests.swift */; };
		221157921E2E818900B5D239 /* SHA1.swift in Sources */ = {isa = PBXBuildFile; fileRef = 221156721E2E746200B5D239 /* SHA1.swift */; };
		221157A31E2E836600B5D239 /* CommonCrypto.framework in Frameworks */ = {isa = PBXBuildFile; fileRef = 2211567B1E2E758E00B5D239 /* CommonCrypto.framework */; };
		221157B21E2E85AF00B5D239 /* CommonCrypto.framework in Frameworks */ = {isa = PBXBuildFile; fileRef = 221157A91E2E85AF00B5D239 /* CommonCrypto.framework */; };
		221157B71E2E85AF00B5D239 /* CommonCrypto_macOSTests.swift in Sources */ = {isa = PBXBuildFile; fileRef = 221157B61E2E85AF00B5D239 /* CommonCrypto_macOSTests.swift */; };
		221157C51E2E870900B5D239 /* CommonCrypto.framework in Frameworks */ = {isa = PBXBuildFile; fileRef = 221157A91E2E85AF00B5D239 /* CommonCrypto.framework */; };
		221BDAFF1E620BC400AA99FD /* SecurityManager.swift in Sources */ = {isa = PBXBuildFile; fileRef = 221BDAFE1E620BC400AA99FD /* SecurityManager.swift */; };
		221BDB001E620BD500AA99FD /* SecurityManager.swift in Sources */ = {isa = PBXBuildFile; fileRef = 221BDAFE1E620BC400AA99FD /* SecurityManager.swift */; };
		2239FF951EE48A8700D06CF2 /* SecKeyRawSign.swift in Sources */ = {isa = PBXBuildFile; fileRef = 2239FF931EE48A6300D06CF2 /* SecKeyRawSign.swift */; };
		2239FF981EE48AA000D06CF2 /* SecKeyRawVerify.swift in Sources */ = {isa = PBXBuildFile; fileRef = 2239FF961EE48A9C00D06CF2 /* SecKeyRawVerify.swift */; };
		2239FF9D1EE48B3D00D06CF2 /* Initialize.swift in Sources */ = {isa = PBXBuildFile; fileRef = 2239FF9C1EE48B3D00D06CF2 /* Initialize.swift */; };
		2239FF9E1EE48CD800D06CF2 /* Initialize.swift in Sources */ = {isa = PBXBuildFile; fileRef = 2239FF991EE48AD500D06CF2 /* Initialize.swift */; };
		2239FFA11EE5714A00D06CF2 /* SecCertificate_macOS.swift in Sources */ = {isa = PBXBuildFile; fileRef = 2239FF9F1EE5703900D06CF2 /* SecCertificate_macOS.swift */; };
		2239FFA31EE5734100D06CF2 /* SecCertificate_iOS.swift in Sources */ = {isa = PBXBuildFile; fileRef = 2239FFA21EE5734100D06CF2 /* SecCertificate_iOS.swift */; };
		2239FFAD1EE57F1D00D06CF2 /* PrivateKey.swift in Sources */ = {isa = PBXBuildFile; fileRef = 2239FFAC1EE57F1D00D06CF2 /* PrivateKey.swift */; };
		2239FFAE1EE57F2200D06CF2 /* PrivateKey.swift in Sources */ = {isa = PBXBuildFile; fileRef = 2239FFAC1EE57F1D00D06CF2 /* PrivateKey.swift */; };
		2239FFB01EE588BF00D06CF2 /* SharedKey.swift in Sources */ = {isa = PBXBuildFile; fileRef = 2239FFAF1EE588BF00D06CF2 /* SharedKey.swift */; };
		2239FFB11EE58E7300D06CF2 /* SharedKey.swift in Sources */ = {isa = PBXBuildFile; fileRef = 2239FFAF1EE588BF00D06CF2 /* SharedKey.swift */; };
		2239FFE41EE5C25700D06CF2 /* SecCertificateCopyPublicKey.swift in Sources */ = {isa = PBXBuildFile; fileRef = 2239FFE21EE5C1E800D06CF2 /* SecCertificateCopyPublicKey.swift */; };
		2239FFE91EE5F18500D06CF2 /* PublicKey.swift in Sources */ = {isa = PBXBuildFile; fileRef = 2239FFE81EE5F18500D06CF2 /* PublicKey.swift */; };
		2239FFEA1EE5F18600D06CF2 /* PublicKey.swift in Sources */ = {isa = PBXBuildFile; fileRef = 2239FFE81EE5F18500D06CF2 /* PublicKey.swift */; };
		2239FFED1EE6E75F00D06CF2 /* SharedSecretCredentials.swift in Sources */ = {isa = PBXBuildFile; fileRef = 2239FFEC1EE6E75F00D06CF2 /* SharedSecretCredentials.swift */; };
		2239FFEF1EE6E7DD00D06CF2 /* PublicKeyCredentials.swift in Sources */ = {isa = PBXBuildFile; fileRef = 2239FFEE1EE6E7DD00D06CF2 /* PublicKeyCredentials.swift */; };
		2239FFF01EE6E80800D06CF2 /* PublicKeyCredentials.swift in Sources */ = {isa = PBXBuildFile; fileRef = 2239FFEE1EE6E7DD00D06CF2 /* PublicKeyCredentials.swift */; };
		2239FFF11EE6E80A00D06CF2 /* SharedSecretCredentials.swift in Sources */ = {isa = PBXBuildFile; fileRef = 2239FFEC1EE6E75F00D06CF2 /* SharedSecretCredentials.swift */; };
		2243DEAD1E87FB5200A188FD /* MedKitCore.framework in Frameworks */ = {isa = PBXBuildFile; fileRef = 2243DEA61E87FB3700A188FD /* MedKitCore.framework */; };
		2243DEAE1E87FB5800A188FD /* MedKitCore.framework in Frameworks */ = {isa = PBXBuildFile; fileRef = 2243DEAA1E87FB3700A188FD /* MedKitCore.framework */; };
		224DDE9C1E3D3BB500FF0AEB /* HMAC256.swift in Sources */ = {isa = PBXBuildFile; fileRef = 224DDE9B1E3D3BB500FF0AEB /* HMAC256.swift */; };
		224DDE9D1E3D3EA600FF0AEB /* HMAC256.swift in Sources */ = {isa = PBXBuildFile; fileRef = 224DDE9B1E3D3BB500FF0AEB /* HMAC256.swift */; };
		225F3D9C1E6326FE00BEFA0D /* NSError.swift in Sources */ = {isa = PBXBuildFile; fileRef = 225F3D9B1E6326FE00BEFA0D /* NSError.swift */; };
		225F3D9D1E63273F00BEFA0D /* NSError.swift in Sources */ = {isa = PBXBuildFile; fileRef = 225F3D9B1E6326FE00BEFA0D /* NSError.swift */; };
		226F1EE51E64B7EC0079AA8C /* CFString.swift in Sources */ = {isa = PBXBuildFile; fileRef = 226F1EE41E64B7EC0079AA8C /* CFString.swift */; };
		226F1EE61E64B8BE0079AA8C /* CFString.swift in Sources */ = {isa = PBXBuildFile; fileRef = 226F1EE41E64B7EC0079AA8C /* CFString.swift */; };
		22E0AD4E1E33938500540BAB /* SHA256.swift in Sources */ = {isa = PBXBuildFile; fileRef = 22E0AD4D1E33938500540BAB /* SHA256.swift */; };
		22E0AD501E33939300540BAB /* SHA256.swift in Sources */ = {isa = PBXBuildFile; fileRef = 22E0AD4D1E33938500540BAB /* SHA256.swift */; };
		22FF4DED1EDAE64C00C3FB78 /* KeyPairTests.swift in Sources */ = {isa = PBXBuildFile; fileRef = 22FF4DE81EDAE64100C3FB78 /* KeyPairTests.swift */; };
		22FF4DEE1EDAE64D00C3FB78 /* KeyPairTests.swift in Sources */ = {isa = PBXBuildFile; fileRef = 22FF4DE81EDAE64100C3FB78 /* KeyPairTests.swift */; };
		22FF4DF11EDAECB400C3FB78 /* Constants.swift in Sources */ = {isa = PBXBuildFile; fileRef = 22FF4DEF1EDAEC7300C3FB78 /* Constants.swift */; };
		22FF4DF21EDAECB600C3FB78 /* Constants.swift in Sources */ = {isa = PBXBuildFile; fileRef = 22FF4DEF1EDAEC7300C3FB78 /* Constants.swift */; };
		22FF4DF51EDAFF7100C3FB78 /* CSRGen.swift in Sources */ = {isa = PBXBuildFile; fileRef = 22FF4DF41EDAFF7100C3FB78 /* CSRGen.swift */; };
		22FF4DFC1EDB0A4200C3FB78 /* DER.swift in Sources */ = {isa = PBXBuildFile; fileRef = 22FF4DF61EDB03C500C3FB78 /* DER.swift */; };
		22FF4DFD1EDB0A4200C3FB78 /* DER.swift in Sources */ = {isa = PBXBuildFile; fileRef = 22FF4DF61EDB03C500C3FB78 /* DER.swift */; };
		22FF4DFE1EDB0A4800C3FB78 /* DERTests.swift in Sources */ = {isa = PBXBuildFile; fileRef = 22FF4DFA1EDB0A0E00C3FB78 /* DERTests.swift */; };
		22FF4DFF1EDB0A4A00C3FB78 /* DERTests.swift in Sources */ = {isa = PBXBuildFile; fileRef = 22FF4DFA1EDB0A0E00C3FB78 /* DERTests.swift */; };
		22FF4E001EDB0BC200C3FB78 /* CSRGen.swift in Sources */ = {isa = PBXBuildFile; fileRef = 22FF4DF41EDAFF7100C3FB78 /* CSRGen.swift */; };
		22FF4E021EDB1BC200C3FB78 /* X509Name.swift in Sources */ = {isa = PBXBuildFile; fileRef = 22FF4E011EDB1BC200C3FB78 /* X509Name.swift */; };
		22FF4E031EDB1C7100C3FB78 /* X509Name.swift in Sources */ = {isa = PBXBuildFile; fileRef = 22FF4E011EDB1BC200C3FB78 /* X509Name.swift */; };
		22FF4E081EDC43FC00C3FB78 /* X509Encoder.swift in Sources */ = {isa = PBXBuildFile; fileRef = 22FF4E071EDC43FC00C3FB78 /* X509Encoder.swift */; };
		22FF4E091EDC62D000C3FB78 /* X509Encoder.swift in Sources */ = {isa = PBXBuildFile; fileRef = 22FF4E071EDC43FC00C3FB78 /* X509Encoder.swift */; };
		22FF4E0C1EDC649300C3FB78 /* CertificateTests.swift in Sources */ = {isa = PBXBuildFile; fileRef = 22FF4E0A1EDC63E800C3FB78 /* CertificateTests.swift */; };
		22FF4E0D1EDC649400C3FB78 /* CertificateTests.swift in Sources */ = {isa = PBXBuildFile; fileRef = 22FF4E0A1EDC63E800C3FB78 /* CertificateTests.swift */; };
		22FF4E0F1EDDA28C00C3FB78 /* X509Constants.swift in Sources */ = {isa = PBXBuildFile; fileRef = 22FF4E0E1EDDA28C00C3FB78 /* X509Constants.swift */; };
		22FF4E101EDDA28E00C3FB78 /* X509Constants.swift in Sources */ = {isa = PBXBuildFile; fileRef = 22FF4E0E1EDDA28C00C3FB78 /* X509Constants.swift */; };
		22FF4E141EDF8C0300C3FB78 /* Keychain.swift in Sources */ = {isa = PBXBuildFile; fileRef = 22FF4E131EDF8C0300C3FB78 /* Keychain.swift */; };
		22FF4E151EDF8C0700C3FB78 /* Keychain.swift in Sources */ = {isa = PBXBuildFile; fileRef = 22FF4E131EDF8C0300C3FB78 /* Keychain.swift */; };
		22FF4E181EDF97B700C3FB78 /* X509.swift in Sources */ = {isa = PBXBuildFile; fileRef = 22FF4E171EDF97B700C3FB78 /* X509.swift */; };
		22FF4E191EDF98B500C3FB78 /* X509.swift in Sources */ = {isa = PBXBuildFile; fileRef = 22FF4E171EDF97B700C3FB78 /* X509.swift */; };
		22FF4E1B1EDF9A9500C3FB78 /* SecKey.swift in Sources */ = {isa = PBXBuildFile; fileRef = 22FF4E1A1EDF9A9500C3FB78 /* SecKey.swift */; };
		22FF4E1C1EDF9A9600C3FB78 /* SecKey.swift in Sources */ = {isa = PBXBuildFile; fileRef = 22FF4E1A1EDF9A9500C3FB78 /* SecKey.swift */; };
		22FF4E1F1EE0316F00C3FB78 /* SecIdentity.swift in Sources */ = {isa = PBXBuildFile; fileRef = 22FF4E1E1EE0316F00C3FB78 /* SecIdentity.swift */; };
		22FF4E361EE0952200C3FB78 /* PKCS1Constants.swift in Sources */ = {isa = PBXBuildFile; fileRef = 22FF4E351EE0952200C3FB78 /* PKCS1Constants.swift */; };
		22FF4E371EE0954000C3FB78 /* PKCS1Constants.swift in Sources */ = {isa = PBXBuildFile; fileRef = 22FF4E351EE0952200C3FB78 /* PKCS1Constants.swift */; };
/* End PBXBuildFile section */

/* Begin PBXContainerItemProxy section */
		221156461E2E73C800B5D239 /* PBXContainerItemProxy */ = {
			isa = PBXContainerItemProxy;
			containerPortal = 221156141E2E738800B5D239 /* Project object */;
			proxyType = 1;
			remoteGlobalIDString = 2211563B1E2E73C800B5D239;
			remoteInfo = "MedKitSecurity iOS";
		};
		221156621E2E73E300B5D239 /* PBXContainerItemProxy */ = {
			isa = PBXContainerItemProxy;
			containerPortal = 221156141E2E738800B5D239 /* Project object */;
			proxyType = 1;
			remoteGlobalIDString = 221156571E2E73E200B5D239;
			remoteInfo = "MedKitSecurity macOS";
		};
		221156851E2E758E00B5D239 /* PBXContainerItemProxy */ = {
			isa = PBXContainerItemProxy;
			containerPortal = 221156141E2E738800B5D239 /* Project object */;
			proxyType = 1;
			remoteGlobalIDString = 2211567A1E2E758E00B5D239;
			remoteInfo = CommonCrypto;
		};
		221156941E2E768800B5D239 /* PBXContainerItemProxy */ = {
			isa = PBXContainerItemProxy;
			containerPortal = 221156141E2E738800B5D239 /* Project object */;
			proxyType = 1;
			remoteGlobalIDString = 2211567A1E2E758E00B5D239;
			remoteInfo = CommonCrypto;
		};
		221157B31E2E85AF00B5D239 /* PBXContainerItemProxy */ = {
			isa = PBXContainerItemProxy;
			containerPortal = 221156141E2E738800B5D239 /* Project object */;
			proxyType = 1;
			remoteGlobalIDString = 221157A81E2E85AF00B5D239;
			remoteInfo = "CommonCrypto macOS";
		};
		221157C31E2E870000B5D239 /* PBXContainerItemProxy */ = {
			isa = PBXContainerItemProxy;
			containerPortal = 221156141E2E738800B5D239 /* Project object */;
			proxyType = 1;
			remoteGlobalIDString = 221157A81E2E85AF00B5D239;
			remoteInfo = "CommonCrypto macOS";
		};
		2243DEA51E87FB3700A188FD /* PBXContainerItemProxy */ = {
			isa = PBXContainerItemProxy;
			containerPortal = 2243DE9E1E87FB3700A188FD /* MedKitCore.xcodeproj */;
			proxyType = 2;
			remoteGlobalIDString = 2243DC791E872BDB00A188FD;
			remoteInfo = "MedKitCore iOS";
		};
		2243DEA71E87FB3700A188FD /* PBXContainerItemProxy */ = {
			isa = PBXContainerItemProxy;
			containerPortal = 2243DE9E1E87FB3700A188FD /* MedKitCore.xcodeproj */;
			proxyType = 2;
			remoteGlobalIDString = 2243DC811E872BDB00A188FD;
			remoteInfo = "MedKitCore iOSTests";
		};
		2243DEA91E87FB3700A188FD /* PBXContainerItemProxy */ = {
			isa = PBXContainerItemProxy;
			containerPortal = 2243DE9E1E87FB3700A188FD /* MedKitCore.xcodeproj */;
			proxyType = 2;
			remoteGlobalIDString = 2243DC951E872BF100A188FD;
			remoteInfo = "MedKitCore macOS";
		};
		2243DEAB1E87FB3700A188FD /* PBXContainerItemProxy */ = {
			isa = PBXContainerItemProxy;
			containerPortal = 2243DE9E1E87FB3700A188FD /* MedKitCore.xcodeproj */;
			proxyType = 2;
			remoteGlobalIDString = 2243DC9D1E872BF100A188FD;
			remoteInfo = "MedKitCore macOSTests";
		};
		2243DEAF1E87FBDD00A188FD /* PBXContainerItemProxy */ = {
			isa = PBXContainerItemProxy;
			containerPortal = 2243DE9E1E87FB3700A188FD /* MedKitCore.xcodeproj */;
			proxyType = 1;
			remoteGlobalIDString = 2243DC941E872BF100A188FD;
			remoteInfo = "MedKitCore macOS";
		};
		2243DEB11E87FBE400A188FD /* PBXContainerItemProxy */ = {
			isa = PBXContainerItemProxy;
			containerPortal = 2243DE9E1E87FB3700A188FD /* MedKitCore.xcodeproj */;
			proxyType = 1;
			remoteGlobalIDString = 2243DC781E872BDB00A188FD;
			remoteInfo = "MedKitCore iOS";
		};
/* End PBXContainerItemProxy section */

/* Begin PBXFileReference section */
		220A342C1EBE17640024DF9E /* LICENSE.txt */ = {isa = PBXFileReference; fileEncoding = 4; lastKnownFileType = text; path = LICENSE.txt; sourceTree = "<group>"; };
		220A34421EBF41980024DF9E /* README.md */ = {isa = PBXFileReference; fileEncoding = 4; lastKnownFileType = net.daringfireball.markdown; path = README.md; sourceTree = "<group>"; };
		220CDEF81EE72F47006ECEBA /* CredentialsFactory.swift */ = {isa = PBXFileReference; fileEncoding = 4; lastKnownFileType = sourcecode.swift; name = CredentialsFactory.swift; path = Source/CredentialsFactory.swift; sourceTree = "<group>"; };
		220CDEF91EE72F47006ECEBA /* CredentialsFactoryDB.swift */ = {isa = PBXFileReference; fileEncoding = 4; lastKnownFileType = sourcecode.swift; name = CredentialsFactoryDB.swift; path = Source/CredentialsFactoryDB.swift; sourceTree = "<group>"; };
		220CDEFE1EE72F53006ECEBA /* PublicKeyCredentialsFactory.swift */ = {isa = PBXFileReference; fileEncoding = 4; lastKnownFileType = sourcecode.swift; name = PublicKeyCredentialsFactory.swift; path = Source/PublicKeyCredentialsFactory.swift; sourceTree = "<group>"; };
		220CDEFF1EE72F53006ECEBA /* SharedSecretCredentialsFactory.swift */ = {isa = PBXFileReference; fileEncoding = 4; lastKnownFileType = sourcecode.swift; name = SharedSecretCredentialsFactory.swift; path = Source/SharedSecretCredentialsFactory.swift; sourceTree = "<group>"; };
		220CDF1E1EE82076006ECEBA /* SecCertificate.swift */ = {isa = PBXFileReference; fileEncoding = 4; lastKnownFileType = sourcecode.swift; name = SecCertificate.swift; path = Source/SecCertificate.swift; sourceTree = "<group>"; };
		220CDF251EE8479A006ECEBA /* SecIdentity_macOS.swift */ = {isa = PBXFileReference; fileEncoding = 4; lastKnownFileType = sourcecode.swift; name = SecIdentity_macOS.swift; path = Source/macOS/SecIdentity_macOS.swift; sourceTree = "<group>"; };
		220CDF281EE847BB006ECEBA /* SecIdentity_iOS.swift */ = {isa = PBXFileReference; fileEncoding = 4; lastKnownFileType = sourcecode.swift; name = SecIdentity_iOS.swift; path = Source/iOS/SecIdentity_iOS.swift; sourceTree = "<group>"; };
		2211563C1E2E73C800B5D239 /* MedKitSecurity.framework */ = {isa = PBXFileReference; explicitFileType = wrapper.framework; includeInIndex = 0; path = MedKitSecurity.framework; sourceTree = BUILT_PRODUCTS_DIR; };
		2211563E1E2E73C800B5D239 /* MedKitSecurity.h */ = {isa = PBXFileReference; lastKnownFileType = sourcecode.c.h; path = MedKitSecurity.h; sourceTree = "<group>"; };
		2211563F1E2E73C800B5D239 /* Info.plist */ = {isa = PBXFileReference; lastKnownFileType = text.plist.xml; path = Info.plist; sourceTree = "<group>"; };
		221156441E2E73C800B5D239 /* MedKitSecurity iOSTests.xctest */ = {isa = PBXFileReference; explicitFileType = wrapper.cfbundle; includeInIndex = 0; path = "MedKitSecurity iOSTests.xctest"; sourceTree = BUILT_PRODUCTS_DIR; };
		221156491E2E73C800B5D239 /* MedKitSecurity_iOSTests.swift */ = {isa = PBXFileReference; lastKnownFileType = sourcecode.swift; path = MedKitSecurity_iOSTests.swift; sourceTree = "<group>"; };
		2211564B1E2E73C800B5D239 /* Info.plist */ = {isa = PBXFileReference; lastKnownFileType = text.plist.xml; path = Info.plist; sourceTree = "<group>"; };
		221156581E2E73E200B5D239 /* MedKitSecurity.framework */ = {isa = PBXFileReference; explicitFileType = wrapper.framework; includeInIndex = 0; path = MedKitSecurity.framework; sourceTree = BUILT_PRODUCTS_DIR; };
		2211565A1E2E73E300B5D239 /* MedKitSecurity.h */ = {isa = PBXFileReference; lastKnownFileType = sourcecode.c.h; path = MedKitSecurity.h; sourceTree = "<group>"; };
		2211565B1E2E73E300B5D239 /* Info.plist */ = {isa = PBXFileReference; lastKnownFileType = text.plist.xml; path = Info.plist; sourceTree = "<group>"; };
		221156601E2E73E300B5D239 /* MedKitSecurity macOSTests.xctest */ = {isa = PBXFileReference; explicitFileType = wrapper.cfbundle; includeInIndex = 0; path = "MedKitSecurity macOSTests.xctest"; sourceTree = BUILT_PRODUCTS_DIR; };
		221156651E2E73E300B5D239 /* MedKitSecurity_macOSTests.swift */ = {isa = PBXFileReference; lastKnownFileType = sourcecode.swift; path = MedKitSecurity_macOSTests.swift; sourceTree = "<group>"; };
		221156671E2E73E300B5D239 /* Info.plist */ = {isa = PBXFileReference; lastKnownFileType = text.plist.xml; path = Info.plist; sourceTree = "<group>"; };
		221156721E2E746200B5D239 /* SHA1.swift */ = {isa = PBXFileReference; fileEncoding = 4; lastKnownFileType = sourcecode.swift; lineEnding = 0; name = SHA1.swift; path = Source/SHA1.swift; sourceTree = "<group>"; xcLanguageSpecificationIdentifier = xcode.lang.swift; };
		2211567B1E2E758E00B5D239 /* CommonCrypto.framework */ = {isa = PBXFileReference; explicitFileType = wrapper.framework; includeInIndex = 0; path = CommonCrypto.framework; sourceTree = BUILT_PRODUCTS_DIR; };
		2211567E1E2E758E00B5D239 /* Info.plist */ = {isa = PBXFileReference; lastKnownFileType = text.plist.xml; path = Info.plist; sourceTree = "<group>"; };
		221156831E2E758E00B5D239 /* CommonCrypto iOSTests.xctest */ = {isa = PBXFileReference; explicitFileType = wrapper.cfbundle; includeInIndex = 0; path = "CommonCrypto iOSTests.xctest"; sourceTree = BUILT_PRODUCTS_DIR; };
		221156881E2E758E00B5D239 /* CommonCryptoTests.swift */ = {isa = PBXFileReference; lastKnownFileType = sourcecode.swift; path = CommonCryptoTests.swift; sourceTree = "<group>"; };
		2211568A1E2E758E00B5D239 /* Info.plist */ = {isa = PBXFileReference; lastKnownFileType = text.plist.xml; path = Info.plist; sourceTree = "<group>"; };
		221156921E2E75D500B5D239 /* CommonCrypto iOS.xcconfig */ = {isa = PBXFileReference; fileEncoding = 4; lastKnownFileType = text.xcconfig; path = "CommonCrypto iOS.xcconfig"; sourceTree = "<group>"; };
		221157A91E2E85AF00B5D239 /* CommonCrypto.framework */ = {isa = PBXFileReference; explicitFileType = wrapper.framework; includeInIndex = 0; path = CommonCrypto.framework; sourceTree = BUILT_PRODUCTS_DIR; };
		221157AC1E2E85AF00B5D239 /* Info.plist */ = {isa = PBXFileReference; lastKnownFileType = text.plist.xml; path = Info.plist; sourceTree = "<group>"; };
		221157B11E2E85AF00B5D239 /* CommonCrypto macOSTests.xctest */ = {isa = PBXFileReference; explicitFileType = wrapper.cfbundle; includeInIndex = 0; path = "CommonCrypto macOSTests.xctest"; sourceTree = BUILT_PRODUCTS_DIR; };
		221157B61E2E85AF00B5D239 /* CommonCrypto_macOSTests.swift */ = {isa = PBXFileReference; lastKnownFileType = sourcecode.swift; path = CommonCrypto_macOSTests.swift; sourceTree = "<group>"; };
		221157B81E2E85AF00B5D239 /* Info.plist */ = {isa = PBXFileReference; lastKnownFileType = text.plist.xml; path = Info.plist; sourceTree = "<group>"; };
		221157C01E2E865700B5D239 /* CommonCrypto macOS.xcconfig */ = {isa = PBXFileReference; fileEncoding = 4; lastKnownFileType = text.xcconfig; path = "CommonCrypto macOS.xcconfig"; sourceTree = "<group>"; };
		221BDAFE1E620BC400AA99FD /* SecurityManager.swift */ = {isa = PBXFileReference; fileEncoding = 4; lastKnownFileType = sourcecode.swift; name = SecurityManager.swift; path = Source/SecurityManager.swift; sourceTree = "<group>"; };
		2239FF931EE48A6300D06CF2 /* SecKeyRawSign.swift */ = {isa = PBXFileReference; fileEncoding = 4; lastKnownFileType = sourcecode.swift; name = SecKeyRawSign.swift; path = Source/macOS/SecKeyRawSign.swift; sourceTree = "<group>"; };
		2239FF961EE48A9C00D06CF2 /* SecKeyRawVerify.swift */ = {isa = PBXFileReference; fileEncoding = 4; lastKnownFileType = sourcecode.swift; name = SecKeyRawVerify.swift; path = Source/macOS/SecKeyRawVerify.swift; sourceTree = "<group>"; };
		2239FF991EE48AD500D06CF2 /* Initialize.swift */ = {isa = PBXFileReference; fileEncoding = 4; lastKnownFileType = sourcecode.swift; name = Initialize.swift; path = Source/macOS/Initialize.swift; sourceTree = "<group>"; };
		2239FF9C1EE48B3D00D06CF2 /* Initialize.swift */ = {isa = PBXFileReference; fileEncoding = 4; lastKnownFileType = sourcecode.swift; name = Initialize.swift; path = Source/iOS/Initialize.swift; sourceTree = "<group>"; };
		2239FF9F1EE5703900D06CF2 /* SecCertificate_macOS.swift */ = {isa = PBXFileReference; fileEncoding = 4; lastKnownFileType = sourcecode.swift; name = SecCertificate_macOS.swift; path = Source/macOS/SecCertificate_macOS.swift; sourceTree = "<group>"; };
		2239FFA21EE5734100D06CF2 /* SecCertificate_iOS.swift */ = {isa = PBXFileReference; fileEncoding = 4; lastKnownFileType = sourcecode.swift; name = SecCertificate_iOS.swift; path = Source/iOS/SecCertificate_iOS.swift; sourceTree = "<group>"; };
		2239FFAC1EE57F1D00D06CF2 /* PrivateKey.swift */ = {isa = PBXFileReference; fileEncoding = 4; lastKnownFileType = sourcecode.swift; name = PrivateKey.swift; path = Source/PrivateKey.swift; sourceTree = "<group>"; };
		2239FFAF1EE588BF00D06CF2 /* SharedKey.swift */ = {isa = PBXFileReference; fileEncoding = 4; lastKnownFileType = sourcecode.swift; name = SharedKey.swift; path = Source/SharedKey.swift; sourceTree = "<group>"; };
		2239FFE21EE5C1E800D06CF2 /* SecCertificateCopyPublicKey.swift */ = {isa = PBXFileReference; fileEncoding = 4; lastKnownFileType = sourcecode.swift; name = SecCertificateCopyPublicKey.swift; path = Source/macOS/SecCertificateCopyPublicKey.swift; sourceTree = "<group>"; };
		2239FFE81EE5F18500D06CF2 /* PublicKey.swift */ = {isa = PBXFileReference; fileEncoding = 4; lastKnownFileType = sourcecode.swift; name = PublicKey.swift; path = Source/PublicKey.swift; sourceTree = "<group>"; };
		2239FFEC1EE6E75F00D06CF2 /* SharedSecretCredentials.swift */ = {isa = PBXFileReference; fileEncoding = 4; lastKnownFileType = sourcecode.swift; name = SharedSecretCredentials.swift; path = Source/SharedSecretCredentials.swift; sourceTree = "<group>"; };
		2239FFEE1EE6E7DD00D06CF2 /* PublicKeyCredentials.swift */ = {isa = PBXFileReference; fileEncoding = 4; lastKnownFileType = sourcecode.swift; name = PublicKeyCredentials.swift; path = Source/PublicKeyCredentials.swift; sourceTree = "<group>"; };
		2243DE9E1E87FB3700A188FD /* MedKitCore.xcodeproj */ = {isa = PBXFileReference; lastKnownFileType = "wrapper.pb-project"; name = MedKitCore.xcodeproj; path = ../MedKitCore-Swift/MedKitCore.xcodeproj; sourceTree = "<group>"; };
		224DDE9B1E3D3BB500FF0AEB /* HMAC256.swift */ = {isa = PBXFileReference; fileEncoding = 4; lastKnownFileType = sourcecode.swift; name = HMAC256.swift; path = Source/HMAC256.swift; sourceTree = "<group>"; };
		225A46821EB37E76004EE389 /* Release Notes.rtf */ = {isa = PBXFileReference; fileEncoding = 4; lastKnownFileType = text.rtf; name = "Release Notes.rtf"; path = "Documentation/Release Notes.rtf"; sourceTree = "<group>"; };
		225F3D9B1E6326FE00BEFA0D /* NSError.swift */ = {isa = PBXFileReference; fileEncoding = 4; lastKnownFileType = sourcecode.swift; name = NSError.swift; path = Source/NSError.swift; sourceTree = "<group>"; };
		226F1EE41E64B7EC0079AA8C /* CFString.swift */ = {isa = PBXFileReference; fileEncoding = 4; lastKnownFileType = sourcecode.swift; name = CFString.swift; path = Source/CFString.swift; sourceTree = "<group>"; };
		22E0AD4D1E33938500540BAB /* SHA256.swift */ = {isa = PBXFileReference; fileEncoding = 4; lastKnownFileType = sourcecode.swift; lineEnding = 0; name = SHA256.swift; path = Source/SHA256.swift; sourceTree = "<group>"; xcLanguageSpecificationIdentifier = xcode.lang.swift; };
		22FF4DE81EDAE64100C3FB78 /* KeyPairTests.swift */ = {isa = PBXFileReference; fileEncoding = 4; lastKnownFileType = sourcecode.swift; name = KeyPairTests.swift; path = Tests/KeyPairTests.swift; sourceTree = "<group>"; };
		22FF4DEF1EDAEC7300C3FB78 /* Constants.swift */ = {isa = PBXFileReference; fileEncoding = 4; lastKnownFileType = sourcecode.swift; name = Constants.swift; path = Tests/Constants.swift; sourceTree = "<group>"; };
		22FF4DF41EDAFF7100C3FB78 /* CSRGen.swift */ = {isa = PBXFileReference; fileEncoding = 4; lastKnownFileType = sourcecode.swift; name = CSRGen.swift; path = Source/CSRGen.swift; sourceTree = "<group>"; };
		22FF4DF61EDB03C500C3FB78 /* DER.swift */ = {isa = PBXFileReference; fileEncoding = 4; lastKnownFileType = sourcecode.swift; name = DER.swift; path = Source/DER.swift; sourceTree = "<group>"; };
		22FF4DFA1EDB0A0E00C3FB78 /* DERTests.swift */ = {isa = PBXFileReference; fileEncoding = 4; lastKnownFileType = sourcecode.swift; name = DERTests.swift; path = Tests/DERTests.swift; sourceTree = "<group>"; };
		22FF4E011EDB1BC200C3FB78 /* X509Name.swift */ = {isa = PBXFileReference; fileEncoding = 4; lastKnownFileType = sourcecode.swift; name = X509Name.swift; path = Source/X509Name.swift; sourceTree = "<group>"; };
		22FF4E071EDC43FC00C3FB78 /* X509Encoder.swift */ = {isa = PBXFileReference; fileEncoding = 4; lastKnownFileType = sourcecode.swift; name = X509Encoder.swift; path = Source/X509Encoder.swift; sourceTree = "<group>"; };
		22FF4E0A1EDC63E800C3FB78 /* CertificateTests.swift */ = {isa = PBXFileReference; fileEncoding = 4; lastKnownFileType = sourcecode.swift; name = CertificateTests.swift; path = Tests/CertificateTests.swift; sourceTree = "<group>"; };
		22FF4E0E1EDDA28C00C3FB78 /* X509Constants.swift */ = {isa = PBXFileReference; fileEncoding = 4; lastKnownFileType = sourcecode.swift; name = X509Constants.swift; path = Source/X509Constants.swift; sourceTree = "<group>"; };
		22FF4E131EDF8C0300C3FB78 /* Keychain.swift */ = {isa = PBXFileReference; fileEncoding = 4; lastKnownFileType = sourcecode.swift; name = Keychain.swift; path = Source/Keychain.swift; sourceTree = "<group>"; };
		22FF4E171EDF97B700C3FB78 /* X509.swift */ = {isa = PBXFileReference; fileEncoding = 4; lastKnownFileType = sourcecode.swift; name = X509.swift; path = Source/X509.swift; sourceTree = "<group>"; };
		22FF4E1A1EDF9A9500C3FB78 /* SecKey.swift */ = {isa = PBXFileReference; fileEncoding = 4; lastKnownFileType = sourcecode.swift; name = SecKey.swift; path = Source/SecKey.swift; sourceTree = "<group>"; };
		22FF4E1E1EE0316F00C3FB78 /* SecIdentity.swift */ = {isa = PBXFileReference; fileEncoding = 4; lastKnownFileType = sourcecode.swift; name = SecIdentity.swift; path = Source/SecIdentity.swift; sourceTree = "<group>"; };
		22FF4E351EE0952200C3FB78 /* PKCS1Constants.swift */ = {isa = PBXFileReference; fileEncoding = 4; lastKnownFileType = sourcecode.swift; name = PKCS1Constants.swift; path = Source/PKCS1Constants.swift; sourceTree = "<group>"; };
/* End PBXFileReference section */

/* Begin PBXFrameworksBuildPhase section */
		221156381E2E73C800B5D239 /* Frameworks */ = {
			isa = PBXFrameworksBuildPhase;
			buildActionMask = 2147483647;
			files = (
				2243DEAD1E87FB5200A188FD /* MedKitCore.framework in Frameworks */,
				221157A31E2E836600B5D239 /* CommonCrypto.framework in Frameworks */,
			);
			runOnlyForDeploymentPostprocessing = 0;
		};
		221156411E2E73C800B5D239 /* Frameworks */ = {
			isa = PBXFrameworksBuildPhase;
			buildActionMask = 2147483647;
			files = (
				221156451E2E73C800B5D239 /* MedKitSecurity.framework in Frameworks */,
			);
			runOnlyForDeploymentPostprocessing = 0;
		};
		221156541E2E73E200B5D239 /* Frameworks */ = {
			isa = PBXFrameworksBuildPhase;
			buildActionMask = 2147483647;
			files = (
				2243DEAE1E87FB5800A188FD /* MedKitCore.framework in Frameworks */,
				221157C51E2E870900B5D239 /* CommonCrypto.framework in Frameworks */,
			);
			runOnlyForDeploymentPostprocessing = 0;
		};
		2211565D1E2E73E300B5D239 /* Frameworks */ = {
			isa = PBXFrameworksBuildPhase;
			buildActionMask = 2147483647;
			files = (
				221156611E2E73E300B5D239 /* MedKitSecurity.framework in Frameworks */,
			);
			runOnlyForDeploymentPostprocessing = 0;
		};
		221156771E2E758E00B5D239 /* Frameworks */ = {
			isa = PBXFrameworksBuildPhase;
			buildActionMask = 2147483647;
			files = (
			);
			runOnlyForDeploymentPostprocessing = 0;
		};
		221156801E2E758E00B5D239 /* Frameworks */ = {
			isa = PBXFrameworksBuildPhase;
			buildActionMask = 2147483647;
			files = (
				221156841E2E758E00B5D239 /* CommonCrypto.framework in Frameworks */,
			);
			runOnlyForDeploymentPostprocessing = 0;
		};
		221157A51E2E85AF00B5D239 /* Frameworks */ = {
			isa = PBXFrameworksBuildPhase;
			buildActionMask = 2147483647;
			files = (
			);
			runOnlyForDeploymentPostprocessing = 0;
		};
		221157AE1E2E85AF00B5D239 /* Frameworks */ = {
			isa = PBXFrameworksBuildPhase;
			buildActionMask = 2147483647;
			files = (
				221157B21E2E85AF00B5D239 /* CommonCrypto.framework in Frameworks */,
			);
			runOnlyForDeploymentPostprocessing = 0;
		};
/* End PBXFrameworksBuildPhase section */

/* Begin PBXGroup section */
		221156131E2E738800B5D239 = {
			isa = PBXGroup;
			children = (
				2243DE9E1E87FB3700A188FD /* MedKitCore.xcodeproj */,
				225A467F1EB37E64004EE389 /* Documentation */,
				2211566F1E2E745700B5D239 /* Source */,
				221903B61EC754710043BE70 /* Tests */,
				2211563D1E2E73C800B5D239 /* MedKitSecurity iOS */,
				221156481E2E73C800B5D239 /* MedKitSecurity iOSTests */,
				221156591E2E73E300B5D239 /* MedKitSecurity macOS */,
				221156641E2E73E300B5D239 /* MedKitSecurity macOSTests */,
				2211567C1E2E758E00B5D239 /* CommonCrypto iOS */,
				221156871E2E758E00B5D239 /* CommonCrypto iOSTests */,
				221157AA1E2E85AF00B5D239 /* CommonCrypto macOS */,
				221157B51E2E85AF00B5D239 /* CommonCrypto macOSTests */,
				2211561E1E2E738800B5D239 /* Products */,
			);
			sourceTree = "<group>";
		};
		2211561E1E2E738800B5D239 /* Products */ = {
			isa = PBXGroup;
			children = (
				2211563C1E2E73C800B5D239 /* MedKitSecurity.framework */,
				221156441E2E73C800B5D239 /* MedKitSecurity iOSTests.xctest */,
				221156581E2E73E200B5D239 /* MedKitSecurity.framework */,
				221156601E2E73E300B5D239 /* MedKitSecurity macOSTests.xctest */,
				2211567B1E2E758E00B5D239 /* CommonCrypto.framework */,
				221156831E2E758E00B5D239 /* CommonCrypto iOSTests.xctest */,
				221157A91E2E85AF00B5D239 /* CommonCrypto.framework */,
				221157B11E2E85AF00B5D239 /* CommonCrypto macOSTests.xctest */,
			);
			name = Products;
			sourceTree = "<group>";
		};
		2211563D1E2E73C800B5D239 /* MedKitSecurity iOS */ = {
			isa = PBXGroup;
			children = (
				2211563E1E2E73C800B5D239 /* MedKitSecurity.h */,
				2211563F1E2E73C800B5D239 /* Info.plist */,
			);
			path = "MedKitSecurity iOS";
			sourceTree = "<group>";
		};
		221156481E2E73C800B5D239 /* MedKitSecurity iOSTests */ = {
			isa = PBXGroup;
			children = (
				221156491E2E73C800B5D239 /* MedKitSecurity_iOSTests.swift */,
				2211564B1E2E73C800B5D239 /* Info.plist */,
			);
			path = "MedKitSecurity iOSTests";
			sourceTree = "<group>";
		};
		221156591E2E73E300B5D239 /* MedKitSecurity macOS */ = {
			isa = PBXGroup;
			children = (
				2211565A1E2E73E300B5D239 /* MedKitSecurity.h */,
				2211565B1E2E73E300B5D239 /* Info.plist */,
			);
			path = "MedKitSecurity macOS";
			sourceTree = "<group>";
		};
		221156641E2E73E300B5D239 /* MedKitSecurity macOSTests */ = {
			isa = PBXGroup;
			children = (
				221156651E2E73E300B5D239 /* MedKitSecurity_macOSTests.swift */,
				221156671E2E73E300B5D239 /* Info.plist */,
			);
			path = "MedKitSecurity macOSTests";
			sourceTree = "<group>";
		};
		2211566F1E2E745700B5D239 /* Source */ = {
			isa = PBXGroup;
			children = (
				2239FFEB1EE6E74A00D06CF2 /* Credentials */,
				22FF4E111EDF72CA00C3FB78 /* DER */,
				229781FC1E4DE53100721215 /* Digests */,
				229781FD1E4DE54000721215 /* HMAC */,
				22FF4E121EDF8BE700C3FB78 /* Keychain */,
				2239FFAB1EE57EFE00D06CF2 /* Keys */,
				221BDB011E620CBD00AA99FD /* Manager */,
				22FF4E341EE0950600C3FB78 /* PKCS1 */,
				22FF4DF31EDAFF5100C3FB78 /* X509 */,
				225F3D9A1E6326EC00BEFA0D /* Extensions */,
				2239FF9B1EE48B0000D06CF2 /* iOS */,
				2239FF921EE48A0600D06CF2 /* macOS */,
			);
			name = Source;
			sourceTree = "<group>";
		};
		2211567C1E2E758E00B5D239 /* CommonCrypto iOS */ = {
			isa = PBXGroup;
			children = (
				221156921E2E75D500B5D239 /* CommonCrypto iOS.xcconfig */,
				2211567E1E2E758E00B5D239 /* Info.plist */,
			);
			name = "CommonCrypto iOS";
			path = CommonCrypto;
			sourceTree = "<group>";
		};
		221156871E2E758E00B5D239 /* CommonCrypto iOSTests */ = {
			isa = PBXGroup;
			children = (
				221156881E2E758E00B5D239 /* CommonCryptoTests.swift */,
				2211568A1E2E758E00B5D239 /* Info.plist */,
			);
			name = "CommonCrypto iOSTests";
			path = CommonCryptoTests;
			sourceTree = "<group>";
		};
		221157AA1E2E85AF00B5D239 /* CommonCrypto macOS */ = {
			isa = PBXGroup;
			children = (
				221157C01E2E865700B5D239 /* CommonCrypto macOS.xcconfig */,
				221157AC1E2E85AF00B5D239 /* Info.plist */,
			);
			path = "CommonCrypto macOS";
			sourceTree = "<group>";
		};
		221157B51E2E85AF00B5D239 /* CommonCrypto macOSTests */ = {
			isa = PBXGroup;
			children = (
				221157B61E2E85AF00B5D239 /* CommonCrypto_macOSTests.swift */,
				221157B81E2E85AF00B5D239 /* Info.plist */,
			);
			path = "CommonCrypto macOSTests";
			sourceTree = "<group>";
		};
		221903B61EC754710043BE70 /* Tests */ = {
			isa = PBXGroup;
			children = (
				22FF4DEF1EDAEC7300C3FB78 /* Constants.swift */,
				22FF4E051EDB2F0200C3FB78 /* DER */,
				22FF4E061EDB2F0F00C3FB78 /* Keychain */,
				22FF4E1D1EE02D0C00C3FB78 /* X509 */,
			);
			name = Tests;
			sourceTree = "<group>";
		};
		221BDB011E620CBD00AA99FD /* Manager */ = {
			isa = PBXGroup;
			children = (
				221BDAFE1E620BC400AA99FD /* SecurityManager.swift */,
			);
			name = Manager;
			sourceTree = "<group>";
		};
		2239FF921EE48A0600D06CF2 /* macOS */ = {
			isa = PBXGroup;
			children = (
				2239FF991EE48AD500D06CF2 /* Initialize.swift */,
				2239FF931EE48A6300D06CF2 /* SecKeyRawSign.swift */,
				2239FF961EE48A9C00D06CF2 /* SecKeyRawVerify.swift */,
				2239FF9F1EE5703900D06CF2 /* SecCertificate_macOS.swift */,
				2239FFE21EE5C1E800D06CF2 /* SecCertificateCopyPublicKey.swift */,
				220CDF251EE8479A006ECEBA /* SecIdentity_macOS.swift */,
			);
			name = macOS;
			sourceTree = "<group>";
		};
		2239FF9B1EE48B0000D06CF2 /* iOS */ = {
			isa = PBXGroup;
			children = (
				2239FF9C1EE48B3D00D06CF2 /* Initialize.swift */,
				2239FFA21EE5734100D06CF2 /* SecCertificate_iOS.swift */,
				220CDF281EE847BB006ECEBA /* SecIdentity_iOS.swift */,
			);
			name = iOS;
			sourceTree = "<group>";
		};
		2239FFAB1EE57EFE00D06CF2 /* Keys */ = {
			isa = PBXGroup;
			children = (
				2239FFAC1EE57F1D00D06CF2 /* PrivateKey.swift */,
				2239FFE81EE5F18500D06CF2 /* PublicKey.swift */,
				2239FFAF1EE588BF00D06CF2 /* SharedKey.swift */,
			);
			name = Keys;
			sourceTree = "<group>";
		};
		2239FFEB1EE6E74A00D06CF2 /* Credentials */ = {
			isa = PBXGroup;
			children = (
				220CDEF81EE72F47006ECEBA /* CredentialsFactory.swift */,
				220CDEF91EE72F47006ECEBA /* CredentialsFactoryDB.swift */,
				2239FFEE1EE6E7DD00D06CF2 /* PublicKeyCredentials.swift */,
				220CDEFE1EE72F53006ECEBA /* PublicKeyCredentialsFactory.swift */,
				2239FFEC1EE6E75F00D06CF2 /* SharedSecretCredentials.swift */,
				220CDEFF1EE72F53006ECEBA /* SharedSecretCredentialsFactory.swift */,
			);
			name = Credentials;
			sourceTree = "<group>";
		};
		2243DE9F1E87FB3700A188FD /* Products */ = {
			isa = PBXGroup;
			children = (
				2243DEA61E87FB3700A188FD /* MedKitCore.framework */,
				2243DEA81E87FB3700A188FD /* MedKitCore iOSTests.xctest */,
				2243DEAA1E87FB3700A188FD /* MedKitCore.framework */,
				2243DEAC1E87FB3700A188FD /* MedKitCore macOSTests.xctest */,
			);
			name = Products;
			sourceTree = "<group>";
		};
		225A467F1EB37E64004EE389 /* Documentation */ = {
			isa = PBXGroup;
			children = (
				220A34421EBF41980024DF9E /* README.md */,
				220A342C1EBE17640024DF9E /* LICENSE.txt */,
				225A46821EB37E76004EE389 /* Release Notes.rtf */,
			);
			name = Documentation;
			sourceTree = "<group>";
		};
		225F3D9A1E6326EC00BEFA0D /* Extensions */ = {
			isa = PBXGroup;
			children = (
				225F3D9B1E6326FE00BEFA0D /* NSError.swift */,
				226F1EE41E64B7EC0079AA8C /* CFString.swift */,
				220CDF1E1EE82076006ECEBA /* SecCertificate.swift */,
				22FF4E1E1EE0316F00C3FB78 /* SecIdentity.swift */,
				22FF4E1A1EDF9A9500C3FB78 /* SecKey.swift */,
			);
			name = Extensions;
			sourceTree = "<group>";
		};
		229781FC1E4DE53100721215 /* Digests */ = {
			isa = PBXGroup;
			children = (
				221156721E2E746200B5D239 /* SHA1.swift */,
				22E0AD4D1E33938500540BAB /* SHA256.swift */,
			);
			name = Digests;
			sourceTree = "<group>";
		};
		229781FD1E4DE54000721215 /* HMAC */ = {
			isa = PBXGroup;
			children = (
				224DDE9B1E3D3BB500FF0AEB /* HMAC256.swift */,
			);
			name = HMAC;
			sourceTree = "<group>";
		};
		22FF4DF31EDAFF5100C3FB78 /* X509 */ = {
			isa = PBXGroup;
			children = (
				22FF4E171EDF97B700C3FB78 /* X509.swift */,
				22FF4E0E1EDDA28C00C3FB78 /* X509Constants.swift */,
				22FF4E011EDB1BC200C3FB78 /* X509Name.swift */,
				22FF4E071EDC43FC00C3FB78 /* X509Encoder.swift */,
				22FF4DF41EDAFF7100C3FB78 /* CSRGen.swift */,
			);
			name = X509;
			sourceTree = "<group>";
		};
		22FF4E051EDB2F0200C3FB78 /* DER */ = {
			isa = PBXGroup;
			children = (
				22FF4DFA1EDB0A0E00C3FB78 /* DERTests.swift */,
			);
			name = DER;
			sourceTree = "<group>";
		};
		22FF4E061EDB2F0F00C3FB78 /* Keychain */ = {
			isa = PBXGroup;
			children = (
				22FF4E0A1EDC63E800C3FB78 /* CertificateTests.swift */,
				22FF4DE81EDAE64100C3FB78 /* KeyPairTests.swift */,
			);
			name = Keychain;
			sourceTree = "<group>";
		};
		22FF4E111EDF72CA00C3FB78 /* DER */ = {
			isa = PBXGroup;
			children = (
				22FF4DF61EDB03C500C3FB78 /* DER.swift */,
			);
			name = DER;
			sourceTree = "<group>";
		};
		22FF4E121EDF8BE700C3FB78 /* Keychain */ = {
			isa = PBXGroup;
			children = (
				22FF4E131EDF8C0300C3FB78 /* Keychain.swift */,
			);
			name = Keychain;
			sourceTree = "<group>";
		};
		22FF4E1D1EE02D0C00C3FB78 /* X509 */ = {
			isa = PBXGroup;
			children = (
			);
			name = X509;
			sourceTree = "<group>";
		};
		22FF4E341EE0950600C3FB78 /* PKCS1 */ = {
			isa = PBXGroup;
			children = (
				22FF4E351EE0952200C3FB78 /* PKCS1Constants.swift */,
			);
			name = PKCS1;
			sourceTree = "<group>";
		};
/* End PBXGroup section */

/* Begin PBXHeadersBuildPhase section */
		221156391E2E73C800B5D239 /* Headers */ = {
			isa = PBXHeadersBuildPhase;
			buildActionMask = 2147483647;
			files = (
				2211564C1E2E73C800B5D239 /* MedKitSecurity.h in Headers */,
			);
			runOnlyForDeploymentPostprocessing = 0;
		};
		221156551E2E73E200B5D239 /* Headers */ = {
			isa = PBXHeadersBuildPhase;
			buildActionMask = 2147483647;
			files = (
				221156681E2E73E300B5D239 /* MedKitSecurity.h in Headers */,
			);
			runOnlyForDeploymentPostprocessing = 0;
		};
		221156781E2E758E00B5D239 /* Headers */ = {
			isa = PBXHeadersBuildPhase;
			buildActionMask = 2147483647;
			files = (
			);
			runOnlyForDeploymentPostprocessing = 0;
		};
		221157A61E2E85AF00B5D239 /* Headers */ = {
			isa = PBXHeadersBuildPhase;
			buildActionMask = 2147483647;
			files = (
			);
			runOnlyForDeploymentPostprocessing = 0;
		};
/* End PBXHeadersBuildPhase section */

/* Begin PBXNativeTarget section */
		2211563B1E2E73C800B5D239 /* MedKitSecurity iOS */ = {
			isa = PBXNativeTarget;
			buildConfigurationList = 2211564D1E2E73C800B5D239 /* Build configuration list for PBXNativeTarget "MedKitSecurity iOS" */;
			buildPhases = (
				221156371E2E73C800B5D239 /* Sources */,
				221156381E2E73C800B5D239 /* Frameworks */,
				221156391E2E73C800B5D239 /* Headers */,
				2211563A1E2E73C800B5D239 /* Resources */,
			);
			buildRules = (
			);
			dependencies = (
				2243DEB21E87FBE400A188FD /* PBXTargetDependency */,
				221156951E2E768800B5D239 /* PBXTargetDependency */,
			);
			name = "MedKitSecurity iOS";
			productName = "MedKitSecurity iOS";
			productReference = 2211563C1E2E73C800B5D239 /* MedKitSecurity.framework */;
			productType = "com.apple.product-type.framework";
		};
		221156431E2E73C800B5D239 /* MedKitSecurity iOSTests */ = {
			isa = PBXNativeTarget;
			buildConfigurationList = 221156501E2E73C800B5D239 /* Build configuration list for PBXNativeTarget "MedKitSecurity iOSTests" */;
			buildPhases = (
				221156401E2E73C800B5D239 /* Sources */,
				221156411E2E73C800B5D239 /* Frameworks */,
				221156421E2E73C800B5D239 /* Resources */,
			);
			buildRules = (
			);
			dependencies = (
				221156471E2E73C800B5D239 /* PBXTargetDependency */,
			);
			name = "MedKitSecurity iOSTests";
			productName = "MedKitSecurity iOSTests";
			productReference = 221156441E2E73C800B5D239 /* MedKitSecurity iOSTests.xctest */;
			productType = "com.apple.product-type.bundle.unit-test";
		};
		221156571E2E73E200B5D239 /* MedKitSecurity macOS */ = {
			isa = PBXNativeTarget;
			buildConfigurationList = 221156691E2E73E300B5D239 /* Build configuration list for PBXNativeTarget "MedKitSecurity macOS" */;
			buildPhases = (
				221156531E2E73E200B5D239 /* Sources */,
				221156541E2E73E200B5D239 /* Frameworks */,
				221156551E2E73E200B5D239 /* Headers */,
				221156561E2E73E200B5D239 /* Resources */,
			);
			buildRules = (
			);
			dependencies = (
				2243DEB01E87FBDD00A188FD /* PBXTargetDependency */,
				221157C41E2E870000B5D239 /* PBXTargetDependency */,
			);
			name = "MedKitSecurity macOS";
			productName = "MedKitSecurity macOS";
			productReference = 221156581E2E73E200B5D239 /* MedKitSecurity.framework */;
			productType = "com.apple.product-type.framework";
		};
		2211565F1E2E73E300B5D239 /* MedKitSecurity macOSTests */ = {
			isa = PBXNativeTarget;
			buildConfigurationList = 2211566C1E2E73E300B5D239 /* Build configuration list for PBXNativeTarget "MedKitSecurity macOSTests" */;
			buildPhases = (
				2211565C1E2E73E300B5D239 /* Sources */,
				2211565D1E2E73E300B5D239 /* Frameworks */,
				2211565E1E2E73E300B5D239 /* Resources */,
			);
			buildRules = (
			);
			dependencies = (
				221156631E2E73E300B5D239 /* PBXTargetDependency */,
			);
			name = "MedKitSecurity macOSTests";
			productName = "MedKitSecurity macOSTests";
			productReference = 221156601E2E73E300B5D239 /* MedKitSecurity macOSTests.xctest */;
			productType = "com.apple.product-type.bundle.unit-test";
		};
		2211567A1E2E758E00B5D239 /* CommonCrypto iOS */ = {
			isa = PBXNativeTarget;
			buildConfigurationList = 2211568C1E2E758E00B5D239 /* Build configuration list for PBXNativeTarget "CommonCrypto iOS" */;
			buildPhases = (
				221156761E2E758E00B5D239 /* Sources */,
				221156771E2E758E00B5D239 /* Frameworks */,
				221156781E2E758E00B5D239 /* Headers */,
				221156791E2E758E00B5D239 /* Resources */,
			);
			buildRules = (
			);
			dependencies = (
			);
			name = "CommonCrypto iOS";
			productName = CommonCrypto;
			productReference = 2211567B1E2E758E00B5D239 /* CommonCrypto.framework */;
			productType = "com.apple.product-type.framework";
		};
		221156821E2E758E00B5D239 /* CommonCrypto iOSTests */ = {
			isa = PBXNativeTarget;
			buildConfigurationList = 2211568F1E2E758E00B5D239 /* Build configuration list for PBXNativeTarget "CommonCrypto iOSTests" */;
			buildPhases = (
				2211567F1E2E758E00B5D239 /* Sources */,
				221156801E2E758E00B5D239 /* Frameworks */,
				221156811E2E758E00B5D239 /* Resources */,
			);
			buildRules = (
			);
			dependencies = (
				221156861E2E758E00B5D239 /* PBXTargetDependency */,
			);
			name = "CommonCrypto iOSTests";
			productName = CommonCryptoTests;
			productReference = 221156831E2E758E00B5D239 /* CommonCrypto iOSTests.xctest */;
			productType = "com.apple.product-type.bundle.unit-test";
		};
		221157A81E2E85AF00B5D239 /* CommonCrypto macOS */ = {
			isa = PBXNativeTarget;
			buildConfigurationList = 221157BE1E2E85AF00B5D239 /* Build configuration list for PBXNativeTarget "CommonCrypto macOS" */;
			buildPhases = (
				221157A41E2E85AF00B5D239 /* Sources */,
				221157A51E2E85AF00B5D239 /* Frameworks */,
				221157A61E2E85AF00B5D239 /* Headers */,
				221157A71E2E85AF00B5D239 /* Resources */,
			);
			buildRules = (
			);
			dependencies = (
			);
			name = "CommonCrypto macOS";
			productName = "CommonCrypto macOS";
			productReference = 221157A91E2E85AF00B5D239 /* CommonCrypto.framework */;
			productType = "com.apple.product-type.framework";
		};
		221157B01E2E85AF00B5D239 /* CommonCrypto macOSTests */ = {
			isa = PBXNativeTarget;
			buildConfigurationList = 221157BF1E2E85AF00B5D239 /* Build configuration list for PBXNativeTarget "CommonCrypto macOSTests" */;
			buildPhases = (
				221157AD1E2E85AF00B5D239 /* Sources */,
				221157AE1E2E85AF00B5D239 /* Frameworks */,
				221157AF1E2E85AF00B5D239 /* Resources */,
			);
			buildRules = (
			);
			dependencies = (
				221157B41E2E85AF00B5D239 /* PBXTargetDependency */,
			);
			name = "CommonCrypto macOSTests";
			productName = "CommonCrypto macOSTests";
			productReference = 221157B11E2E85AF00B5D239 /* CommonCrypto macOSTests.xctest */;
			productType = "com.apple.product-type.bundle.unit-test";
		};
/* End PBXNativeTarget section */

/* Begin PBXProject section */
		221156141E2E738800B5D239 /* Project object */ = {
			isa = PBXProject;
			attributes = {
				LastSwiftUpdateCheck = 0820;
				LastUpgradeCheck = 0830;
				ORGANIZATIONNAME = "Jon Griffeth";
				TargetAttributes = {
					2211563B1E2E73C800B5D239 = {
						CreatedOnToolsVersion = 8.2.1;
						LastSwiftMigration = 0820;
						ProvisioningStyle = Automatic;
					};
					221156431E2E73C800B5D239 = {
						CreatedOnToolsVersion = 8.2.1;
						ProvisioningStyle = Automatic;
					};
					221156571E2E73E200B5D239 = {
						CreatedOnToolsVersion = 8.2.1;
						ProvisioningStyle = Automatic;
					};
					2211565F1E2E73E300B5D239 = {
						CreatedOnToolsVersion = 8.2.1;
						ProvisioningStyle = Automatic;
					};
					2211567A1E2E758E00B5D239 = {
						CreatedOnToolsVersion = 8.2.1;
						ProvisioningStyle = Automatic;
					};
					221156821E2E758E00B5D239 = {
						CreatedOnToolsVersion = 8.2.1;
						ProvisioningStyle = Automatic;
					};
					221157A81E2E85AF00B5D239 = {
						CreatedOnToolsVersion = 8.2.1;
						ProvisioningStyle = Automatic;
					};
					221157B01E2E85AF00B5D239 = {
						CreatedOnToolsVersion = 8.2.1;
						ProvisioningStyle = Automatic;
					};
				};
			};
			buildConfigurationList = 221156171E2E738800B5D239 /* Build configuration list for PBXProject "MedKitSecurity" */;
			compatibilityVersion = "Xcode 3.2";
			developmentRegion = English;
			hasScannedForEncodings = 0;
			knownRegions = (
				en,
			);
			mainGroup = 221156131E2E738800B5D239;
			productRefGroup = 2211561E1E2E738800B5D239 /* Products */;
			projectDirPath = "";
			projectReferences = (
				{
					ProductGroup = 2243DE9F1E87FB3700A188FD /* Products */;
					ProjectRef = 2243DE9E1E87FB3700A188FD /* MedKitCore.xcodeproj */;
				},
			);
			projectRoot = "";
			targets = (
				2211563B1E2E73C800B5D239 /* MedKitSecurity iOS */,
				221156431E2E73C800B5D239 /* MedKitSecurity iOSTests */,
				221156571E2E73E200B5D239 /* MedKitSecurity macOS */,
				2211565F1E2E73E300B5D239 /* MedKitSecurity macOSTests */,
				2211567A1E2E758E00B5D239 /* CommonCrypto iOS */,
				221156821E2E758E00B5D239 /* CommonCrypto iOSTests */,
				221157A81E2E85AF00B5D239 /* CommonCrypto macOS */,
				221157B01E2E85AF00B5D239 /* CommonCrypto macOSTests */,
			);
		};
/* End PBXProject section */

/* Begin PBXReferenceProxy section */
		2243DEA61E87FB3700A188FD /* MedKitCore.framework */ = {
			isa = PBXReferenceProxy;
			fileType = wrapper.framework;
			path = MedKitCore.framework;
			remoteRef = 2243DEA51E87FB3700A188FD /* PBXContainerItemProxy */;
			sourceTree = BUILT_PRODUCTS_DIR;
		};
		2243DEA81E87FB3700A188FD /* MedKitCore iOSTests.xctest */ = {
			isa = PBXReferenceProxy;
			fileType = wrapper.cfbundle;
			path = "MedKitCore iOSTests.xctest";
			remoteRef = 2243DEA71E87FB3700A188FD /* PBXContainerItemProxy */;
			sourceTree = BUILT_PRODUCTS_DIR;
		};
		2243DEAA1E87FB3700A188FD /* MedKitCore.framework */ = {
			isa = PBXReferenceProxy;
			fileType = wrapper.framework;
			path = MedKitCore.framework;
			remoteRef = 2243DEA91E87FB3700A188FD /* PBXContainerItemProxy */;
			sourceTree = BUILT_PRODUCTS_DIR;
		};
		2243DEAC1E87FB3700A188FD /* MedKitCore macOSTests.xctest */ = {
			isa = PBXReferenceProxy;
			fileType = wrapper.cfbundle;
			path = "MedKitCore macOSTests.xctest";
			remoteRef = 2243DEAB1E87FB3700A188FD /* PBXContainerItemProxy */;
			sourceTree = BUILT_PRODUCTS_DIR;
		};
/* End PBXReferenceProxy section */

/* Begin PBXResourcesBuildPhase section */
		2211563A1E2E73C800B5D239 /* Resources */ = {
			isa = PBXResourcesBuildPhase;
			buildActionMask = 2147483647;
			files = (
			);
			runOnlyForDeploymentPostprocessing = 0;
		};
		221156421E2E73C800B5D239 /* Resources */ = {
			isa = PBXResourcesBuildPhase;
			buildActionMask = 2147483647;
			files = (
			);
			runOnlyForDeploymentPostprocessing = 0;
		};
		221156561E2E73E200B5D239 /* Resources */ = {
			isa = PBXResourcesBuildPhase;
			buildActionMask = 2147483647;
			files = (
			);
			runOnlyForDeploymentPostprocessing = 0;
		};
		2211565E1E2E73E300B5D239 /* Resources */ = {
			isa = PBXResourcesBuildPhase;
			buildActionMask = 2147483647;
			files = (
			);
			runOnlyForDeploymentPostprocessing = 0;
		};
		221156791E2E758E00B5D239 /* Resources */ = {
			isa = PBXResourcesBuildPhase;
			buildActionMask = 2147483647;
			files = (
			);
			runOnlyForDeploymentPostprocessing = 0;
		};
		221156811E2E758E00B5D239 /* Resources */ = {
			isa = PBXResourcesBuildPhase;
			buildActionMask = 2147483647;
			files = (
			);
			runOnlyForDeploymentPostprocessing = 0;
		};
		221157A71E2E85AF00B5D239 /* Resources */ = {
			isa = PBXResourcesBuildPhase;
			buildActionMask = 2147483647;
			files = (
			);
			runOnlyForDeploymentPostprocessing = 0;
		};
		221157AF1E2E85AF00B5D239 /* Resources */ = {
			isa = PBXResourcesBuildPhase;
			buildActionMask = 2147483647;
			files = (
			);
			runOnlyForDeploymentPostprocessing = 0;
		};
/* End PBXResourcesBuildPhase section */

/* Begin PBXSourcesBuildPhase section */
		221156371E2E73C800B5D239 /* Sources */ = {
			isa = PBXSourcesBuildPhase;
			buildActionMask = 2147483647;
			files = (
				220CDF291EE847BB006ECEBA /* SecIdentity_iOS.swift in Sources */,
				220CDF001EE72F53006ECEBA /* PublicKeyCredentialsFactory.swift in Sources */,
				22FF4E361EE0952200C3FB78 /* PKCS1Constants.swift in Sources */,
				22FF4DF51EDAFF7100C3FB78 /* CSRGen.swift in Sources */,
				2239FFEF1EE6E7DD00D06CF2 /* PublicKeyCredentials.swift in Sources */,
				2239FF9D1EE48B3D00D06CF2 /* Initialize.swift in Sources */,
				22FF4E1F1EE0316F00C3FB78 /* SecIdentity.swift in Sources */,
				22FF4E0F1EDDA28C00C3FB78 /* X509Constants.swift in Sources */,
				220CDF011EE72F53006ECEBA /* SharedSecretCredentialsFactory.swift in Sources */,
				2239FFA31EE5734100D06CF2 /* SecCertificate_iOS.swift in Sources */,
				2239FFED1EE6E75F00D06CF2 /* SharedSecretCredentials.swift in Sources */,
				2239FFB01EE588BF00D06CF2 /* SharedKey.swift in Sources */,
				220CDEFA1EE72F47006ECEBA /* CredentialsFactory.swift in Sources */,
				2239FFE91EE5F18500D06CF2 /* PublicKey.swift in Sources */,
				220CDEFB1EE72F47006ECEBA /* CredentialsFactoryDB.swift in Sources */,
				22FF4E141EDF8C0300C3FB78 /* Keychain.swift in Sources */,
				22E0AD4E1E33938500540BAB /* SHA256.swift in Sources */,
				22FF4E181EDF97B700C3FB78 /* X509.swift in Sources */,
				220CDF1F1EE82076006ECEBA /* SecCertificate.swift in Sources */,
				2239FFAD1EE57F1D00D06CF2 /* PrivateKey.swift in Sources */,
				226F1EE51E64B7EC0079AA8C /* CFString.swift in Sources */,
				22FF4E081EDC43FC00C3FB78 /* X509Encoder.swift in Sources */,
				22FF4E021EDB1BC200C3FB78 /* X509Name.swift in Sources */,
				224DDE9C1E3D3BB500FF0AEB /* HMAC256.swift in Sources */,
				22FF4E1B1EDF9A9500C3FB78 /* SecKey.swift in Sources */,
				221156751E2E746200B5D239 /* SHA1.swift in Sources */,
				221BDAFF1E620BC400AA99FD /* SecurityManager.swift in Sources */,
				225F3D9C1E6326FE00BEFA0D /* NSError.swift in Sources */,
				22FF4DFC1EDB0A4200C3FB78 /* DER.swift in Sources */,
			);
			runOnlyForDeploymentPostprocessing = 0;
		};
		221156401E2E73C800B5D239 /* Sources */ = {
			isa = PBXSourcesBuildPhase;
			buildActionMask = 2147483647;
			files = (
				2211564A1E2E73C800B5D239 /* MedKitSecurity_iOSTests.swift in Sources */,
				22FF4DEE1EDAE64D00C3FB78 /* KeyPairTests.swift in Sources */,
				22FF4E0C1EDC649300C3FB78 /* CertificateTests.swift in Sources */,
				22FF4DF11EDAECB400C3FB78 /* Constants.swift in Sources */,
				22FF4DFE1EDB0A4800C3FB78 /* DERTests.swift in Sources */,
			);
			runOnlyForDeploymentPostprocessing = 0;
		};
		221156531E2E73E200B5D239 /* Sources */ = {
			isa = PBXSourcesBuildPhase;
			buildActionMask = 2147483647;
			files = (
				220CDF031EE73493006ECEBA /* CredentialsFactory.swift in Sources */,
				22FF4E371EE0954000C3FB78 /* PKCS1Constants.swift in Sources */,
				220CDF211EE82A5B006ECEBA /* SecIdentity.swift in Sources */,
				22FF4E001EDB0BC200C3FB78 /* CSRGen.swift in Sources */,
				2239FFEA1EE5F18600D06CF2 /* PublicKey.swift in Sources */,
				2239FFF01EE6E80800D06CF2 /* PublicKeyCredentials.swift in Sources */,
				220CDF201EE82A21006ECEBA /* SecCertificate.swift in Sources */,
				220CDF051EE7349E006ECEBA /* SharedSecretCredentialsFactory.swift in Sources */,
				2239FF9E1EE48CD800D06CF2 /* Initialize.swift in Sources */,
				220CDF271EE847A3006ECEBA /* SecIdentity_macOS.swift in Sources */,
				220CDF021EE7348E006ECEBA /* CredentialsFactoryDB.swift in Sources */,
				22E0AD501E33939300540BAB /* SHA256.swift in Sources */,
				226F1EE61E64B8BE0079AA8C /* CFString.swift in Sources */,
				224DDE9D1E3D3EA600FF0AEB /* HMAC256.swift in Sources */,
				22FF4DFD1EDB0A4200C3FB78 /* DER.swift in Sources */,
				22FF4E191EDF98B500C3FB78 /* X509.swift in Sources */,
				221157921E2E818900B5D239 /* SHA1.swift in Sources */,
				2239FF951EE48A8700D06CF2 /* SecKeyRawSign.swift in Sources */,
				220CDF041EE73499006ECEBA /* PublicKeyCredentialsFactory.swift in Sources */,
				2239FFA11EE5714A00D06CF2 /* SecCertificate_macOS.swift in Sources */,
				221BDB001E620BD500AA99FD /* SecurityManager.swift in Sources */,
				22FF4E091EDC62D000C3FB78 /* X509Encoder.swift in Sources */,
				2239FF981EE48AA000D06CF2 /* SecKeyRawVerify.swift in Sources */,
				22FF4E101EDDA28E00C3FB78 /* X509Constants.swift in Sources */,
				22FF4E1C1EDF9A9600C3FB78 /* SecKey.swift in Sources */,
				22FF4E031EDB1C7100C3FB78 /* X509Name.swift in Sources */,
				2239FFF11EE6E80A00D06CF2 /* SharedSecretCredentials.swift in Sources */,
				2239FFE41EE5C25700D06CF2 /* SecCertificateCopyPublicKey.swift in Sources */,
				225F3D9D1E63273F00BEFA0D /* NSError.swift in Sources */,
				2239FFB11EE58E7300D06CF2 /* SharedKey.swift in Sources */,
				22FF4E151EDF8C0700C3FB78 /* Keychain.swift in Sources */,
				2239FFAE1EE57F2200D06CF2 /* PrivateKey.swift in Sources */,
			);
			runOnlyForDeploymentPostprocessing = 0;
		};
		2211565C1E2E73E300B5D239 /* Sources */ = {
			isa = PBXSourcesBuildPhase;
			buildActionMask = 2147483647;
			files = (
				221156661E2E73E300B5D239 /* MedKitSecurity_macOSTests.swift in Sources */,
				22FF4DED1EDAE64C00C3FB78 /* KeyPairTests.swift in Sources */,
				22FF4E0D1EDC649400C3FB78 /* CertificateTests.swift in Sources */,
				22FF4DF21EDAECB600C3FB78 /* Constants.swift in Sources */,
				22FF4DFF1EDB0A4A00C3FB78 /* DERTests.swift in Sources */,
			);
			runOnlyForDeploymentPostprocessing = 0;
		};
		221156761E2E758E00B5D239 /* Sources */ = {
			isa = PBXSourcesBuildPhase;
			buildActionMask = 2147483647;
			files = (
			);
			runOnlyForDeploymentPostprocessing = 0;
		};
		2211567F1E2E758E00B5D239 /* Sources */ = {
			isa = PBXSourcesBuildPhase;
			buildActionMask = 2147483647;
			files = (
				221156891E2E758E00B5D239 /* CommonCryptoTests.swift in Sources */,
			);
			runOnlyForDeploymentPostprocessing = 0;
		};
		221157A41E2E85AF00B5D239 /* Sources */ = {
			isa = PBXSourcesBuildPhase;
			buildActionMask = 2147483647;
			files = (
			);
			runOnlyForDeploymentPostprocessing = 0;
		};
		221157AD1E2E85AF00B5D239 /* Sources */ = {
			isa = PBXSourcesBuildPhase;
			buildActionMask = 2147483647;
			files = (
				221157B71E2E85AF00B5D239 /* CommonCrypto_macOSTests.swift in Sources */,
			);
			runOnlyForDeploymentPostprocessing = 0;
		};
/* End PBXSourcesBuildPhase section */

/* Begin PBXTargetDependency section */
		221156471E2E73C800B5D239 /* PBXTargetDependency */ = {
			isa = PBXTargetDependency;
			target = 2211563B1E2E73C800B5D239 /* MedKitSecurity iOS */;
			targetProxy = 221156461E2E73C800B5D239 /* PBXContainerItemProxy */;
		};
		221156631E2E73E300B5D239 /* PBXTargetDependency */ = {
			isa = PBXTargetDependency;
			target = 221156571E2E73E200B5D239 /* MedKitSecurity macOS */;
			targetProxy = 221156621E2E73E300B5D239 /* PBXContainerItemProxy */;
		};
		221156861E2E758E00B5D239 /* PBXTargetDependency */ = {
			isa = PBXTargetDependency;
			target = 2211567A1E2E758E00B5D239 /* CommonCrypto iOS */;
			targetProxy = 221156851E2E758E00B5D239 /* PBXContainerItemProxy */;
		};
		221156951E2E768800B5D239 /* PBXTargetDependency */ = {
			isa = PBXTargetDependency;
			target = 2211567A1E2E758E00B5D239 /* CommonCrypto iOS */;
			targetProxy = 221156941E2E768800B5D239 /* PBXContainerItemProxy */;
		};
		221157B41E2E85AF00B5D239 /* PBXTargetDependency */ = {
			isa = PBXTargetDependency;
			target = 221157A81E2E85AF00B5D239 /* CommonCrypto macOS */;
			targetProxy = 221157B31E2E85AF00B5D239 /* PBXContainerItemProxy */;
		};
		221157C41E2E870000B5D239 /* PBXTargetDependency */ = {
			isa = PBXTargetDependency;
			target = 221157A81E2E85AF00B5D239 /* CommonCrypto macOS */;
			targetProxy = 221157C31E2E870000B5D239 /* PBXContainerItemProxy */;
		};
		2243DEB01E87FBDD00A188FD /* PBXTargetDependency */ = {
			isa = PBXTargetDependency;
			name = "MedKitCore macOS";
			targetProxy = 2243DEAF1E87FBDD00A188FD /* PBXContainerItemProxy */;
		};
		2243DEB21E87FBE400A188FD /* PBXTargetDependency */ = {
			isa = PBXTargetDependency;
			name = "MedKitCore iOS";
			targetProxy = 2243DEB11E87FBE400A188FD /* PBXContainerItemProxy */;
		};
/* End PBXTargetDependency section */

/* Begin XCBuildConfiguration section */
		2211562F1E2E738800B5D239 /* Debug */ = {
			isa = XCBuildConfiguration;
			buildSettings = {
				ALWAYS_SEARCH_USER_PATHS = NO;
				CLANG_ANALYZER_NONNULL = YES;
				CLANG_CXX_LANGUAGE_STANDARD = "gnu++0x";
				CLANG_CXX_LIBRARY = "libc++";
				CLANG_ENABLE_MODULES = YES;
				CLANG_ENABLE_OBJC_ARC = YES;
				CLANG_WARN_BOOL_CONVERSION = YES;
				CLANG_WARN_CONSTANT_CONVERSION = YES;
				CLANG_WARN_DIRECT_OBJC_ISA_USAGE = YES_ERROR;
				CLANG_WARN_DOCUMENTATION_COMMENTS = YES;
				CLANG_WARN_EMPTY_BODY = YES;
				CLANG_WARN_ENUM_CONVERSION = YES;
				CLANG_WARN_INFINITE_RECURSION = YES;
				CLANG_WARN_INT_CONVERSION = YES;
				CLANG_WARN_OBJC_ROOT_CLASS = YES_ERROR;
				CLANG_WARN_SUSPICIOUS_MOVE = YES;
				CLANG_WARN_UNREACHABLE_CODE = YES;
				CLANG_WARN__DUPLICATE_METHOD_MATCH = YES;
				"CODE_SIGN_IDENTITY[sdk=iphoneos*]" = "";
				COPY_PHASE_STRIP = NO;
				CURRENT_PROJECT_VERSION = 31;
				DEBUG_INFORMATION_FORMAT = dwarf;
				ENABLE_STRICT_OBJC_MSGSEND = YES;
				ENABLE_TESTABILITY = YES;
				GCC_C_LANGUAGE_STANDARD = gnu99;
				GCC_DYNAMIC_NO_PIC = NO;
				GCC_NO_COMMON_BLOCKS = YES;
				GCC_OPTIMIZATION_LEVEL = 0;
				GCC_PREPROCESSOR_DEFINITIONS = (
					"DEBUG=1",
					"$(inherited)",
				);
				GCC_WARN_64_TO_32_BIT_CONVERSION = YES;
				GCC_WARN_ABOUT_RETURN_TYPE = YES_ERROR;
				GCC_WARN_UNDECLARED_SELECTOR = YES;
				GCC_WARN_UNINITIALIZED_AUTOS = YES_AGGRESSIVE;
				GCC_WARN_UNUSED_FUNCTION = YES;
				GCC_WARN_UNUSED_VARIABLE = YES;
				IPHONEOS_DEPLOYMENT_TARGET = 10.3;
				MACOSX_DEPLOYMENT_TARGET = 10.12;
				MTL_ENABLE_DEBUG_INFO = YES;
				ONLY_ACTIVE_ARCH = YES;
				SDKROOT = iphoneos;
				SWIFT_ACTIVE_COMPILATION_CONDITIONS = DEBUG;
				SWIFT_OPTIMIZATION_LEVEL = "-Onone";
				TARGETED_DEVICE_FAMILY = "1,2";
				VERSIONING_SYSTEM = "apple-generic";
				VERSION_INFO_PREFIX = "";
			};
			name = Debug;
		};
		221156301E2E738800B5D239 /* Release */ = {
			isa = XCBuildConfiguration;
			buildSettings = {
				ALWAYS_SEARCH_USER_PATHS = NO;
				CLANG_ANALYZER_NONNULL = YES;
				CLANG_CXX_LANGUAGE_STANDARD = "gnu++0x";
				CLANG_CXX_LIBRARY = "libc++";
				CLANG_ENABLE_MODULES = YES;
				CLANG_ENABLE_OBJC_ARC = YES;
				CLANG_WARN_BOOL_CONVERSION = YES;
				CLANG_WARN_CONSTANT_CONVERSION = YES;
				CLANG_WARN_DIRECT_OBJC_ISA_USAGE = YES_ERROR;
				CLANG_WARN_DOCUMENTATION_COMMENTS = YES;
				CLANG_WARN_EMPTY_BODY = YES;
				CLANG_WARN_ENUM_CONVERSION = YES;
				CLANG_WARN_INFINITE_RECURSION = YES;
				CLANG_WARN_INT_CONVERSION = YES;
				CLANG_WARN_OBJC_ROOT_CLASS = YES_ERROR;
				CLANG_WARN_SUSPICIOUS_MOVE = YES;
				CLANG_WARN_UNREACHABLE_CODE = YES;
				CLANG_WARN__DUPLICATE_METHOD_MATCH = YES;
				"CODE_SIGN_IDENTITY[sdk=iphoneos*]" = "";
				COPY_PHASE_STRIP = NO;
				CURRENT_PROJECT_VERSION = 31;
				DEBUG_INFORMATION_FORMAT = "dwarf-with-dsym";
				ENABLE_NS_ASSERTIONS = NO;
				ENABLE_STRICT_OBJC_MSGSEND = YES;
				GCC_C_LANGUAGE_STANDARD = gnu99;
				GCC_NO_COMMON_BLOCKS = YES;
				GCC_WARN_64_TO_32_BIT_CONVERSION = YES;
				GCC_WARN_ABOUT_RETURN_TYPE = YES_ERROR;
				GCC_WARN_UNDECLARED_SELECTOR = YES;
				GCC_WARN_UNINITIALIZED_AUTOS = YES_AGGRESSIVE;
				GCC_WARN_UNUSED_FUNCTION = YES;
				GCC_WARN_UNUSED_VARIABLE = YES;
				IPHONEOS_DEPLOYMENT_TARGET = 10.3;
				MACOSX_DEPLOYMENT_TARGET = 10.12;
				MTL_ENABLE_DEBUG_INFO = NO;
				SDKROOT = iphoneos;
				SWIFT_OPTIMIZATION_LEVEL = "-Owholemodule";
				TARGETED_DEVICE_FAMILY = "1,2";
				VALIDATE_PRODUCT = YES;
				VERSIONING_SYSTEM = "apple-generic";
				VERSION_INFO_PREFIX = "";
			};
			name = Release;
		};
		2211564E1E2E73C800B5D239 /* Debug */ = {
			isa = XCBuildConfiguration;
			buildSettings = {
				CLANG_ENABLE_MODULES = YES;
				CODE_SIGN_IDENTITY = "";
				CURRENT_PROJECT_VERSION = 31;
				DEFINES_MODULE = YES;
				DEVELOPMENT_TEAM = "";
				DYLIB_COMPATIBILITY_VERSION = 1;
				DYLIB_CURRENT_VERSION = 31;
				DYLIB_INSTALL_NAME_BASE = "@rpath";
				INFOPLIST_FILE = "MedKitSecurity iOS/Info.plist";
				INSTALL_PATH = "$(LOCAL_LIBRARY_DIR)/Frameworks";
				IPHONEOS_DEPLOYMENT_TARGET = 10.3;
				LD_RUNPATH_SEARCH_PATHS = "$(inherited) @executable_path/Frameworks @loader_path/Frameworks";
				PRODUCT_BUNDLE_IDENTIFIER = Private.MedKitSecurity;
				PRODUCT_NAME = MedKitSecurity;
				SKIP_INSTALL = YES;
				SWIFT_OPTIMIZATION_LEVEL = "-Onone";
				SWIFT_VERSION = 3.0;
			};
			name = Debug;
		};
		2211564F1E2E73C800B5D239 /* Release */ = {
			isa = XCBuildConfiguration;
			buildSettings = {
				CLANG_ENABLE_MODULES = YES;
				CODE_SIGN_IDENTITY = "";
				CURRENT_PROJECT_VERSION = 31;
				DEFINES_MODULE = YES;
				DEVELOPMENT_TEAM = "";
				DYLIB_COMPATIBILITY_VERSION = 1;
				DYLIB_CURRENT_VERSION = 31;
				DYLIB_INSTALL_NAME_BASE = "@rpath";
				INFOPLIST_FILE = "MedKitSecurity iOS/Info.plist";
				INSTALL_PATH = "$(LOCAL_LIBRARY_DIR)/Frameworks";
				IPHONEOS_DEPLOYMENT_TARGET = 10.3;
				LD_RUNPATH_SEARCH_PATHS = "$(inherited) @executable_path/Frameworks @loader_path/Frameworks";
				PRODUCT_BUNDLE_IDENTIFIER = Private.MedKitSecurity;
				PRODUCT_NAME = MedKitSecurity;
				SKIP_INSTALL = YES;
				SWIFT_VERSION = 3.0;
			};
			name = Release;
		};
		221156511E2E73C800B5D239 /* Debug */ = {
			isa = XCBuildConfiguration;
			buildSettings = {
				ALWAYS_EMBED_SWIFT_STANDARD_LIBRARIES = YES;
				DEVELOPMENT_TEAM = "";
				INFOPLIST_FILE = "MedKitSecurity iOSTests/Info.plist";
				LD_RUNPATH_SEARCH_PATHS = "$(inherited) @executable_path/Frameworks @loader_path/Frameworks";
				PRODUCT_BUNDLE_IDENTIFIER = "Private.MedKitSecurity-iOSTests";
				PRODUCT_NAME = "$(TARGET_NAME)";
				SWIFT_VERSION = 3.0;
			};
			name = Debug;
		};
		221156521E2E73C800B5D239 /* Release */ = {
			isa = XCBuildConfiguration;
			buildSettings = {
				ALWAYS_EMBED_SWIFT_STANDARD_LIBRARIES = YES;
				DEVELOPMENT_TEAM = "";
				INFOPLIST_FILE = "MedKitSecurity iOSTests/Info.plist";
				LD_RUNPATH_SEARCH_PATHS = "$(inherited) @executable_path/Frameworks @loader_path/Frameworks";
				PRODUCT_BUNDLE_IDENTIFIER = "Private.MedKitSecurity-iOSTests";
				PRODUCT_NAME = "$(TARGET_NAME)";
				SWIFT_VERSION = 3.0;
			};
			name = Release;
		};
		2211566A1E2E73E300B5D239 /* Debug */ = {
			isa = XCBuildConfiguration;
			buildSettings = {
				CODE_SIGN_IDENTITY = "-";
				COMBINE_HIDPI_IMAGES = YES;
				CURRENT_PROJECT_VERSION = 31;
				DEFINES_MODULE = YES;
				DEVELOPMENT_TEAM = "";
				DYLIB_COMPATIBILITY_VERSION = 1;
				DYLIB_CURRENT_VERSION = 31;
				DYLIB_INSTALL_NAME_BASE = "@rpath";
				FRAMEWORK_VERSION = A;
				INFOPLIST_FILE = "MedKitSecurity macOS/Info.plist";
				INSTALL_PATH = "$(LOCAL_LIBRARY_DIR)/Frameworks";
				LD_RUNPATH_SEARCH_PATHS = "$(inherited) @executable_path/../Frameworks @loader_path/Frameworks";
				MACOSX_DEPLOYMENT_TARGET = 10.12;
				PRODUCT_BUNDLE_IDENTIFIER = Private.MedKitSecurity;
				PRODUCT_NAME = MedKitSecurity;
				SDKROOT = macosx;
				SKIP_INSTALL = YES;
				SWIFT_VERSION = 3.0;
			};
			name = Debug;
		};
		2211566B1E2E73E300B5D239 /* Release */ = {
			isa = XCBuildConfiguration;
			buildSettings = {
				CODE_SIGN_IDENTITY = "-";
				COMBINE_HIDPI_IMAGES = YES;
				CURRENT_PROJECT_VERSION = 31;
				DEFINES_MODULE = YES;
				DEVELOPMENT_TEAM = "";
				DYLIB_COMPATIBILITY_VERSION = 1;
				DYLIB_CURRENT_VERSION = 31;
				DYLIB_INSTALL_NAME_BASE = "@rpath";
				FRAMEWORK_VERSION = A;
				INFOPLIST_FILE = "MedKitSecurity macOS/Info.plist";
				INSTALL_PATH = "$(LOCAL_LIBRARY_DIR)/Frameworks";
				LD_RUNPATH_SEARCH_PATHS = "$(inherited) @executable_path/../Frameworks @loader_path/Frameworks";
				MACOSX_DEPLOYMENT_TARGET = 10.12;
				PRODUCT_BUNDLE_IDENTIFIER = Private.MedKitSecurity;
				PRODUCT_NAME = MedKitSecurity;
				SDKROOT = macosx;
				SKIP_INSTALL = YES;
				SWIFT_VERSION = 3.0;
			};
			name = Release;
		};
		2211566D1E2E73E300B5D239 /* Debug */ = {
			isa = XCBuildConfiguration;
			buildSettings = {
				ALWAYS_EMBED_SWIFT_STANDARD_LIBRARIES = YES;
				CODE_SIGN_IDENTITY = "";
				COMBINE_HIDPI_IMAGES = YES;
				DEVELOPMENT_TEAM = "";
				INFOPLIST_FILE = "MedKitSecurity macOSTests/Info.plist";
				LD_RUNPATH_SEARCH_PATHS = "$(inherited) @executable_path/../Frameworks @loader_path/../Frameworks";
				MACOSX_DEPLOYMENT_TARGET = 10.12;
				PRODUCT_BUNDLE_IDENTIFIER = "Private.MedKitSecurity-macOSTests";
				PRODUCT_NAME = "$(TARGET_NAME)";
				PROVISIONING_PROFILE_SPECIFIER = "";
				SDKROOT = macosx;
				SWIFT_VERSION = 3.0;
			};
			name = Debug;
		};
		2211566E1E2E73E300B5D239 /* Release */ = {
			isa = XCBuildConfiguration;
			buildSettings = {
				ALWAYS_EMBED_SWIFT_STANDARD_LIBRARIES = YES;
				CODE_SIGN_IDENTITY = "";
				COMBINE_HIDPI_IMAGES = YES;
				DEVELOPMENT_TEAM = "";
				INFOPLIST_FILE = "MedKitSecurity macOSTests/Info.plist";
				LD_RUNPATH_SEARCH_PATHS = "$(inherited) @executable_path/../Frameworks @loader_path/../Frameworks";
				MACOSX_DEPLOYMENT_TARGET = 10.12;
				PRODUCT_BUNDLE_IDENTIFIER = "Private.MedKitSecurity-macOSTests";
				PRODUCT_NAME = "$(TARGET_NAME)";
				PROVISIONING_PROFILE_SPECIFIER = "";
				SDKROOT = macosx;
				SWIFT_VERSION = 3.0;
			};
			name = Release;
		};
		2211568D1E2E758E00B5D239 /* Debug */ = {
			isa = XCBuildConfiguration;
			baseConfigurationReference = 221156921E2E75D500B5D239 /* CommonCrypto iOS.xcconfig */;
			buildSettings = {
				CODE_SIGN_IDENTITY = "";
				DEFINES_MODULE = YES;
				DEVELOPMENT_TEAM = "";
				DYLIB_COMPATIBILITY_VERSION = 1;
				DYLIB_CURRENT_VERSION = 31;
				DYLIB_INSTALL_NAME_BASE = "@rpath";
				INFOPLIST_FILE = CommonCrypto/Info.plist;
				INSTALL_PATH = "$(LOCAL_LIBRARY_DIR)/Frameworks";
				IPHONEOS_DEPLOYMENT_TARGET = 10.3;
				LD_RUNPATH_SEARCH_PATHS = "$(inherited) @executable_path/Frameworks @loader_path/Frameworks";
				PRODUCT_BUNDLE_IDENTIFIER = Private.CommonCrypto;
				PRODUCT_NAME = CommonCrypto;
				SKIP_INSTALL = YES;
				SWIFT_VERSION = 3.0;
			};
			name = Debug;
		};
		2211568E1E2E758E00B5D239 /* Release */ = {
			isa = XCBuildConfiguration;
			baseConfigurationReference = 221156921E2E75D500B5D239 /* CommonCrypto iOS.xcconfig */;
			buildSettings = {
				CODE_SIGN_IDENTITY = "";
				DEFINES_MODULE = YES;
				DEVELOPMENT_TEAM = "";
				DYLIB_COMPATIBILITY_VERSION = 1;
				DYLIB_CURRENT_VERSION = 31;
				DYLIB_INSTALL_NAME_BASE = "@rpath";
				INFOPLIST_FILE = CommonCrypto/Info.plist;
				INSTALL_PATH = "$(LOCAL_LIBRARY_DIR)/Frameworks";
				IPHONEOS_DEPLOYMENT_TARGET = 10.3;
				LD_RUNPATH_SEARCH_PATHS = "$(inherited) @executable_path/Frameworks @loader_path/Frameworks";
				PRODUCT_BUNDLE_IDENTIFIER = Private.CommonCrypto;
				PRODUCT_NAME = CommonCrypto;
				SKIP_INSTALL = YES;
				SWIFT_VERSION = 3.0;
			};
			name = Release;
		};
		221156901E2E758E00B5D239 /* Debug */ = {
			isa = XCBuildConfiguration;
			buildSettings = {
				DEVELOPMENT_TEAM = "";
				INFOPLIST_FILE = CommonCryptoTests/Info.plist;
				LD_RUNPATH_SEARCH_PATHS = "$(inherited) @executable_path/Frameworks @loader_path/Frameworks";
				PRODUCT_BUNDLE_IDENTIFIER = Private.CommonCryptoTests;
				PRODUCT_NAME = "$(TARGET_NAME)";
				SWIFT_VERSION = 3.0;
			};
			name = Debug;
		};
		221156911E2E758E00B5D239 /* Release */ = {
			isa = XCBuildConfiguration;
			buildSettings = {
				DEVELOPMENT_TEAM = "";
				INFOPLIST_FILE = CommonCryptoTests/Info.plist;
				LD_RUNPATH_SEARCH_PATHS = "$(inherited) @executable_path/Frameworks @loader_path/Frameworks";
				PRODUCT_BUNDLE_IDENTIFIER = Private.CommonCryptoTests;
				PRODUCT_NAME = "$(TARGET_NAME)";
				SWIFT_VERSION = 3.0;
			};
			name = Release;
		};
		221157BA1E2E85AF00B5D239 /* Debug */ = {
			isa = XCBuildConfiguration;
			baseConfigurationReference = 221157C01E2E865700B5D239 /* CommonCrypto macOS.xcconfig */;
			buildSettings = {
				CODE_SIGN_IDENTITY = "-";
				COMBINE_HIDPI_IMAGES = YES;
				DEFINES_MODULE = YES;
				DEVELOPMENT_TEAM = "";
				DYLIB_COMPATIBILITY_VERSION = 1;
				DYLIB_CURRENT_VERSION = 31;
				DYLIB_INSTALL_NAME_BASE = "@rpath";
				FRAMEWORK_VERSION = A;
				INFOPLIST_FILE = "CommonCrypto macOS/Info.plist";
				INSTALL_PATH = "$(LOCAL_LIBRARY_DIR)/Frameworks";
				LD_RUNPATH_SEARCH_PATHS = "$(inherited) @executable_path/../Frameworks @loader_path/Frameworks";
				MACOSX_DEPLOYMENT_TARGET = 10.12;
				PRODUCT_BUNDLE_IDENTIFIER = Private.CommonCrypto;
				PRODUCT_NAME = CommonCrypto;
				SDKROOT = macosx;
				SKIP_INSTALL = YES;
				SWIFT_VERSION = 3.0;
			};
			name = Debug;
		};
		221157BB1E2E85AF00B5D239 /* Release */ = {
			isa = XCBuildConfiguration;
			baseConfigurationReference = 221157C01E2E865700B5D239 /* CommonCrypto macOS.xcconfig */;
			buildSettings = {
				CODE_SIGN_IDENTITY = "-";
				COMBINE_HIDPI_IMAGES = YES;
				DEFINES_MODULE = YES;
				DEVELOPMENT_TEAM = "";
				DYLIB_COMPATIBILITY_VERSION = 1;
				DYLIB_CURRENT_VERSION = 31;
				DYLIB_INSTALL_NAME_BASE = "@rpath";
				FRAMEWORK_VERSION = A;
				INFOPLIST_FILE = "CommonCrypto macOS/Info.plist";
				INSTALL_PATH = "$(LOCAL_LIBRARY_DIR)/Frameworks";
				LD_RUNPATH_SEARCH_PATHS = "$(inherited) @executable_path/../Frameworks @loader_path/Frameworks";
				MACOSX_DEPLOYMENT_TARGET = 10.12;
				PRODUCT_BUNDLE_IDENTIFIER = Private.CommonCrypto;
				PRODUCT_NAME = CommonCrypto;
				SDKROOT = macosx;
				SKIP_INSTALL = YES;
				SWIFT_VERSION = 3.0;
			};
			name = Release;
		};
		221157BC1E2E85AF00B5D239 /* Debug */ = {
			isa = XCBuildConfiguration;
			buildSettings = {
				CODE_SIGN_IDENTITY = "-";
				COMBINE_HIDPI_IMAGES = YES;
				DEVELOPMENT_TEAM = "";
				INFOPLIST_FILE = "CommonCrypto macOSTests/Info.plist";
				LD_RUNPATH_SEARCH_PATHS = "$(inherited) @executable_path/../Frameworks @loader_path/../Frameworks";
				MACOSX_DEPLOYMENT_TARGET = 10.12;
				PRODUCT_BUNDLE_IDENTIFIER = "Private.CommonCrypto-macOSTests";
				PRODUCT_NAME = "$(TARGET_NAME)";
				SDKROOT = macosx;
				SWIFT_VERSION = 3.0;
			};
			name = Debug;
		};
		221157BD1E2E85AF00B5D239 /* Release */ = {
			isa = XCBuildConfiguration;
			buildSettings = {
				CODE_SIGN_IDENTITY = "-";
				COMBINE_HIDPI_IMAGES = YES;
				DEVELOPMENT_TEAM = "";
				INFOPLIST_FILE = "CommonCrypto macOSTests/Info.plist";
				LD_RUNPATH_SEARCH_PATHS = "$(inherited) @executable_path/../Frameworks @loader_path/../Frameworks";
				MACOSX_DEPLOYMENT_TARGET = 10.12;
				PRODUCT_BUNDLE_IDENTIFIER = "Private.CommonCrypto-macOSTests";
				PRODUCT_NAME = "$(TARGET_NAME)";
				SDKROOT = macosx;
				SWIFT_VERSION = 3.0;
			};
			name = Release;
		};
/* End XCBuildConfiguration section */

/* Begin XCConfigurationList section */
		221156171E2E738800B5D239 /* Build configuration list for PBXProject "MedKitSecurity" */ = {
			isa = XCConfigurationList;
			buildConfigurations = (
				2211562F1E2E738800B5D239 /* Debug */,
				221156301E2E738800B5D239 /* Release */,
			);
			defaultConfigurationIsVisible = 0;
			defaultConfigurationName = Release;
		};
		2211564D1E2E73C800B5D239 /* Build configuration list for PBXNativeTarget "MedKitSecurity iOS" */ = {
			isa = XCConfigurationList;
			buildConfigurations = (
				2211564E1E2E73C800B5D239 /* Debug */,
				2211564F1E2E73C800B5D239 /* Release */,
			);
			defaultConfigurationIsVisible = 0;
			defaultConfigurationName = Release;
		};
		221156501E2E73C800B5D239 /* Build configuration list for PBXNativeTarget "MedKitSecurity iOSTests" */ = {
			isa = XCConfigurationList;
			buildConfigurations = (
				221156511E2E73C800B5D239 /* Debug */,
				221156521E2E73C800B5D239 /* Release */,
			);
			defaultConfigurationIsVisible = 0;
			defaultConfigurationName = Release;
		};
		221156691E2E73E300B5D239 /* Build configuration list for PBXNativeTarget "MedKitSecurity macOS" */ = {
			isa = XCConfigurationList;
			buildConfigurations = (
				2211566A1E2E73E300B5D239 /* Debug */,
				2211566B1E2E73E300B5D239 /* Release */,
			);
			defaultConfigurationIsVisible = 0;
			defaultConfigurationName = Release;
		};
		2211566C1E2E73E300B5D239 /* Build configuration list for PBXNativeTarget "MedKitSecurity macOSTests" */ = {
			isa = XCConfigurationList;
			buildConfigurations = (
				2211566D1E2E73E300B5D239 /* Debug */,
				2211566E1E2E73E300B5D239 /* Release */,
			);
			defaultConfigurationIsVisible = 0;
			defaultConfigurationName = Release;
		};
		2211568C1E2E758E00B5D239 /* Build configuration list for PBXNativeTarget "CommonCrypto iOS" */ = {
			isa = XCConfigurationList;
			buildConfigurations = (
				2211568D1E2E758E00B5D239 /* Debug */,
				2211568E1E2E758E00B5D239 /* Release */,
			);
			defaultConfigurationIsVisible = 0;
			defaultConfigurationName = Release;
		};
		2211568F1E2E758E00B5D239 /* Build configuration list for PBXNativeTarget "CommonCrypto iOSTests" */ = {
			isa = XCConfigurationList;
			buildConfigurations = (
				221156901E2E758E00B5D239 /* Debug */,
				221156911E2E758E00B5D239 /* Release */,
			);
			defaultConfigurationIsVisible = 0;
			defaultConfigurationName = Release;
		};
		221157BE1E2E85AF00B5D239 /* Build configuration list for PBXNativeTarget "CommonCrypto macOS" */ = {
			isa = XCConfigurationList;
			buildConfigurations = (
				221157BA1E2E85AF00B5D239 /* Debug */,
				221157BB1E2E85AF00B5D239 /* Release */,
			);
			defaultConfigurationIsVisible = 0;
			defaultConfigurationName = Release;
		};
		221157BF1E2E85AF00B5D239 /* Build configuration list for PBXNativeTarget "CommonCrypto macOSTests" */ = {
			isa = XCConfigurationList;
			buildConfigurations = (
				221157BC1E2E85AF00B5D239 /* Debug */,
				221157BD1E2E85AF00B5D239 /* Release */,
			);
			defaultConfigurationIsVisible = 0;
			defaultConfigurationName = Release;
		};
/* End XCConfigurationList section */
	};
	rootObject = 221156141E2E738800B5D239 /* Project object */;
}
